// !$*UTF8*$!
{
	archiveVersion = 1;
	classes = {
	};
	objectVersion = 55;
	objects = {

/* Begin PBXBuildFile section */
		94A0AC9328CED05E003F0F95 /* AppDelegate.swift in Sources */ = {isa = PBXBuildFile; fileRef = 94A0AC9228CED05E003F0F95 /* AppDelegate.swift */; };
		94A0AC9528CED05E003F0F95 /* SceneDelegate.swift in Sources */ = {isa = PBXBuildFile; fileRef = 94A0AC9428CED05E003F0F95 /* SceneDelegate.swift */; };
		94A0AC9728CED05E003F0F95 /* ViewController.swift in Sources */ = {isa = PBXBuildFile; fileRef = 94A0AC9628CED05E003F0F95 /* ViewController.swift */; };
		94A0AC9A28CED05E003F0F95 /* Main.storyboard in Resources */ = {isa = PBXBuildFile; fileRef = 94A0AC9828CED05E003F0F95 /* Main.storyboard */; };
		94A0AC9D28CED05E003F0F95 /* tsukete.xcdatamodeld in Sources */ = {isa = PBXBuildFile; fileRef = 94A0AC9B28CED05E003F0F95 /* tsukete.xcdatamodeld */; };
		94A0AC9F28CED061003F0F95 /* Assets.xcassets in Resources */ = {isa = PBXBuildFile; fileRef = 94A0AC9E28CED061003F0F95 /* Assets.xcassets */; };
		94A0ACA228CED061003F0F95 /* LaunchScreen.storyboard in Resources */ = {isa = PBXBuildFile; fileRef = 94A0ACA028CED061003F0F95 /* LaunchScreen.storyboard */; };
		94A0ACAD28CED061003F0F95 /* tsuketeTests.swift in Sources */ = {isa = PBXBuildFile; fileRef = 94A0ACAC28CED061003F0F95 /* tsuketeTests.swift */; };
		94A0ACB728CED061003F0F95 /* tsuketeUITests.swift in Sources */ = {isa = PBXBuildFile; fileRef = 94A0ACB628CED061003F0F95 /* tsuketeUITests.swift */; };
		94A0ACB928CED061003F0F95 /* tsuketeUITestsLaunchTests.swift in Sources */ = {isa = PBXBuildFile; fileRef = 94A0ACB828CED061003F0F95 /* tsuketeUITestsLaunchTests.swift */; };
/* End PBXBuildFile section */

/* Begin PBXContainerItemProxy section */
		94A0ACA928CED061003F0F95 /* PBXContainerItemProxy */ = {
			isa = PBXContainerItemProxy;
			containerPortal = 94A0AC8728CED05E003F0F95 /* Project object */;
			proxyType = 1;
			remoteGlobalIDString = 94A0AC8E28CED05E003F0F95;
			remoteInfo = tsukete;
		};
		94A0ACB328CED061003F0F95 /* PBXContainerItemProxy */ = {
			isa = PBXContainerItemProxy;
			containerPortal = 94A0AC8728CED05E003F0F95 /* Project object */;
			proxyType = 1;
			remoteGlobalIDString = 94A0AC8E28CED05E003F0F95;
			remoteInfo = tsukete;
		};
/* End PBXContainerItemProxy section */

/* Begin PBXFileReference section */
		94A0AC8F28CED05E003F0F95 /* tsukete.app */ = {isa = PBXFileReference; explicitFileType = wrapper.application; includeInIndex = 0; path = tsukete.app; sourceTree = BUILT_PRODUCTS_DIR; };
		94A0AC9228CED05E003F0F95 /* AppDelegate.swift */ = {isa = PBXFileReference; lastKnownFileType = sourcecode.swift; path = AppDelegate.swift; sourceTree = "<group>"; };
		94A0AC9428CED05E003F0F95 /* SceneDelegate.swift */ = {isa = PBXFileReference; lastKnownFileType = sourcecode.swift; path = SceneDelegate.swift; sourceTree = "<group>"; };
		94A0AC9628CED05E003F0F95 /* ViewController.swift */ = {isa = PBXFileReference; lastKnownFileType = sourcecode.swift; path = ViewController.swift; sourceTree = "<group>"; };
		94A0AC9928CED05E003F0F95 /* Base */ = {isa = PBXFileReference; lastKnownFileType = file.storyboard; name = Base; path = Base.lproj/Main.storyboard; sourceTree = "<group>"; };
		94A0AC9C28CED05E003F0F95 /* tsukete.xcdatamodel */ = {isa = PBXFileReference; lastKnownFileType = wrapper.xcdatamodel; path = tsukete.xcdatamodel; sourceTree = "<group>"; };
		94A0AC9E28CED061003F0F95 /* Assets.xcassets */ = {isa = PBXFileReference; lastKnownFileType = folder.assetcatalog; path = Assets.xcassets; sourceTree = "<group>"; };
		94A0ACA128CED061003F0F95 /* Base */ = {isa = PBXFileReference; lastKnownFileType = file.storyboard; name = Base; path = Base.lproj/LaunchScreen.storyboard; sourceTree = "<group>"; };
		94A0ACA328CED061003F0F95 /* Info.plist */ = {isa = PBXFileReference; lastKnownFileType = text.plist.xml; path = Info.plist; sourceTree = "<group>"; };
		94A0ACA828CED061003F0F95 /* tsuketeTests.xctest */ = {isa = PBXFileReference; explicitFileType = wrapper.cfbundle; includeInIndex = 0; path = tsuketeTests.xctest; sourceTree = BUILT_PRODUCTS_DIR; };
		94A0ACAC28CED061003F0F95 /* tsuketeTests.swift */ = {isa = PBXFileReference; lastKnownFileType = sourcecode.swift; path = tsuketeTests.swift; sourceTree = "<group>"; };
		94A0ACB228CED061003F0F95 /* tsuketeUITests.xctest */ = {isa = PBXFileReference; explicitFileType = wrapper.cfbundle; includeInIndex = 0; path = tsuketeUITests.xctest; sourceTree = BUILT_PRODUCTS_DIR; };
		94A0ACB628CED061003F0F95 /* tsuketeUITests.swift */ = {isa = PBXFileReference; lastKnownFileType = sourcecode.swift; path = tsuketeUITests.swift; sourceTree = "<group>"; };
		94A0ACB828CED061003F0F95 /* tsuketeUITestsLaunchTests.swift */ = {isa = PBXFileReference; lastKnownFileType = sourcecode.swift; path = tsuketeUITestsLaunchTests.swift; sourceTree = "<group>"; };
/* End PBXFileReference section */

/* Begin PBXFrameworksBuildPhase section */
		94A0AC8C28CED05E003F0F95 /* Frameworks */ = {
			isa = PBXFrameworksBuildPhase;
			buildActionMask = 2147483647;
			files = (
			);
			runOnlyForDeploymentPostprocessing = 0;
		};
		94A0ACA528CED061003F0F95 /* Frameworks */ = {
			isa = PBXFrameworksBuildPhase;
			buildActionMask = 2147483647;
			files = (
			);
			runOnlyForDeploymentPostprocessing = 0;
		};
		94A0ACAF28CED061003F0F95 /* Frameworks */ = {
			isa = PBXFrameworksBuildPhase;
			buildActionMask = 2147483647;
			files = (
			);
			runOnlyForDeploymentPostprocessing = 0;
		};
/* End PBXFrameworksBuildPhase section */

/* Begin PBXGroup section */
		94A0AC8628CED05E003F0F95 = {
			isa = PBXGroup;
			children = (
				94A0AC9128CED05E003F0F95 /* tsukete */,
				94A0ACAB28CED061003F0F95 /* tsuketeTests */,
				94A0ACB528CED061003F0F95 /* tsuketeUITests */,
				94A0AC9028CED05E003F0F95 /* Products */,
			);
			sourceTree = "<group>";
		};
		94A0AC9028CED05E003F0F95 /* Products */ = {
			isa = PBXGroup;
			children = (
				94A0AC8F28CED05E003F0F95 /* tsukete.app */,
				94A0ACA828CED061003F0F95 /* tsuketeTests.xctest */,
				94A0ACB228CED061003F0F95 /* tsuketeUITests.xctest */,
			);
			name = Products;
			sourceTree = "<group>";
		};
		94A0AC9128CED05E003F0F95 /* tsukete */ = {
			isa = PBXGroup;
			children = (
				94A0AC9228CED05E003F0F95 /* AppDelegate.swift */,
				94A0AC9428CED05E003F0F95 /* SceneDelegate.swift */,
				94A0AC9628CED05E003F0F95 /* ViewController.swift */,
				94A0AC9828CED05E003F0F95 /* Main.storyboard */,
				94A0AC9E28CED061003F0F95 /* Assets.xcassets */,
				94A0ACA028CED061003F0F95 /* LaunchScreen.storyboard */,
				94A0ACA328CED061003F0F95 /* Info.plist */,
				94A0AC9B28CED05E003F0F95 /* tsukete.xcdatamodeld */,
			);
			path = tsukete;
			sourceTree = "<group>";
		};
		94A0ACAB28CED061003F0F95 /* tsuketeTests */ = {
			isa = PBXGroup;
			children = (
				94A0ACAC28CED061003F0F95 /* tsuketeTests.swift */,
			);
			path = tsuketeTests;
			sourceTree = "<group>";
		};
		94A0ACB528CED061003F0F95 /* tsuketeUITests */ = {
			isa = PBXGroup;
			children = (
				94A0ACB628CED061003F0F95 /* tsuketeUITests.swift */,
				94A0ACB828CED061003F0F95 /* tsuketeUITestsLaunchTests.swift */,
			);
			path = tsuketeUITests;
			sourceTree = "<group>";
		};
/* End PBXGroup section */

/* Begin PBXNativeTarget section */
		94A0AC8E28CED05E003F0F95 /* tsukete */ = {
			isa = PBXNativeTarget;
			buildConfigurationList = 94A0ACBC28CED061003F0F95 /* Build configuration list for PBXNativeTarget "tsukete" */;
			buildPhases = (
				94A0AC8B28CED05E003F0F95 /* Sources */,
				94A0AC8C28CED05E003F0F95 /* Frameworks */,
				94A0AC8D28CED05E003F0F95 /* Resources */,
			);
			buildRules = (
			);
			dependencies = (
			);
			name = tsukete;
			productName = tsukete;
			productReference = 94A0AC8F28CED05E003F0F95 /* tsukete.app */;
			productType = "com.apple.product-type.application";
		};
		94A0ACA728CED061003F0F95 /* tsuketeTests */ = {
			isa = PBXNativeTarget;
			buildConfigurationList = 94A0ACBF28CED061003F0F95 /* Build configuration list for PBXNativeTarget "tsuketeTests" */;
			buildPhases = (
				94A0ACA428CED061003F0F95 /* Sources */,
				94A0ACA528CED061003F0F95 /* Frameworks */,
				94A0ACA628CED061003F0F95 /* Resources */,
			);
			buildRules = (
			);
			dependencies = (
				94A0ACAA28CED061003F0F95 /* PBXTargetDependency */,
			);
			name = tsuketeTests;
			productName = tsuketeTests;
			productReference = 94A0ACA828CED061003F0F95 /* tsuketeTests.xctest */;
			productType = "com.apple.product-type.bundle.unit-test";
		};
		94A0ACB128CED061003F0F95 /* tsuketeUITests */ = {
			isa = PBXNativeTarget;
			buildConfigurationList = 94A0ACC228CED061003F0F95 /* Build configuration list for PBXNativeTarget "tsuketeUITests" */;
			buildPhases = (
				94A0ACAE28CED061003F0F95 /* Sources */,
				94A0ACAF28CED061003F0F95 /* Frameworks */,
				94A0ACB028CED061003F0F95 /* Resources */,
			);
			buildRules = (
			);
			dependencies = (
				94A0ACB428CED061003F0F95 /* PBXTargetDependency */,
			);
			name = tsuketeUITests;
			productName = tsuketeUITests;
			productReference = 94A0ACB228CED061003F0F95 /* tsuketeUITests.xctest */;
			productType = "com.apple.product-type.bundle.ui-testing";
		};
/* End PBXNativeTarget section */

/* Begin PBXProject section */
		94A0AC8728CED05E003F0F95 /* Project object */ = {
			isa = PBXProject;
			attributes = {
				BuildIndependentTargetsInParallel = 1;
				LastSwiftUpdateCheck = 1340;
				LastUpgradeCheck = 1340;
				TargetAttributes = {
					94A0AC8E28CED05E003F0F95 = {
						CreatedOnToolsVersion = 13.4.1;
					};
					94A0ACA728CED061003F0F95 = {
						CreatedOnToolsVersion = 13.4.1;
						TestTargetID = 94A0AC8E28CED05E003F0F95;
					};
					94A0ACB128CED061003F0F95 = {
						CreatedOnToolsVersion = 13.4.1;
						TestTargetID = 94A0AC8E28CED05E003F0F95;
					};
				};
			};
			buildConfigurationList = 94A0AC8A28CED05E003F0F95 /* Build configuration list for PBXProject "tsukete" */;
			compatibilityVersion = "Xcode 13.0";
			developmentRegion = en;
			hasScannedForEncodings = 0;
			knownRegions = (
				en,
				Base,
			);
			mainGroup = 94A0AC8628CED05E003F0F95;
			productRefGroup = 94A0AC9028CED05E003F0F95 /* Products */;
			projectDirPath = "";
			projectRoot = "";
			targets = (
				94A0AC8E28CED05E003F0F95 /* tsukete */,
				94A0ACA728CED061003F0F95 /* tsuketeTests */,
				94A0ACB128CED061003F0F95 /* tsuketeUITests */,
			);
		};
/* End PBXProject section */

/* Begin PBXResourcesBuildPhase section */
		94A0AC8D28CED05E003F0F95 /* Resources */ = {
			isa = PBXResourcesBuildPhase;
			buildActionMask = 2147483647;
			files = (
				94A0ACA228CED061003F0F95 /* LaunchScreen.storyboard in Resources */,
				94A0AC9F28CED061003F0F95 /* Assets.xcassets in Resources */,
				94A0AC9A28CED05E003F0F95 /* Main.storyboard in Resources */,
			);
			runOnlyForDeploymentPostprocessing = 0;
		};
		94A0ACA628CED061003F0F95 /* Resources */ = {
			isa = PBXResourcesBuildPhase;
			buildActionMask = 2147483647;
			files = (
			);
			runOnlyForDeploymentPostprocessing = 0;
		};
		94A0ACB028CED061003F0F95 /* Resources */ = {
			isa = PBXResourcesBuildPhase;
			buildActionMask = 2147483647;
			files = (
			);
			runOnlyForDeploymentPostprocessing = 0;
		};
/* End PBXResourcesBuildPhase section */

/* Begin PBXSourcesBuildPhase section */
		94A0AC8B28CED05E003F0F95 /* Sources */ = {
			isa = PBXSourcesBuildPhase;
			buildActionMask = 2147483647;
			files = (
				94A0AC9728CED05E003F0F95 /* ViewController.swift in Sources */,
				94A0AC9D28CED05E003F0F95 /* tsukete.xcdatamodeld in Sources */,
				94A0AC9328CED05E003F0F95 /* AppDelegate.swift in Sources */,
				94A0AC9528CED05E003F0F95 /* SceneDelegate.swift in Sources */,
			);
			runOnlyForDeploymentPostprocessing = 0;
		};
		94A0ACA428CED061003F0F95 /* Sources */ = {
			isa = PBXSourcesBuildPhase;
			buildActionMask = 2147483647;
			files = (
				94A0ACAD28CED061003F0F95 /* tsuketeTests.swift in Sources */,
			);
			runOnlyForDeploymentPostprocessing = 0;
		};
		94A0ACAE28CED061003F0F95 /* Sources */ = {
			isa = PBXSourcesBuildPhase;
			buildActionMask = 2147483647;
			files = (
				94A0ACB928CED061003F0F95 /* tsuketeUITestsLaunchTests.swift in Sources */,
				94A0ACB728CED061003F0F95 /* tsuketeUITests.swift in Sources */,
			);
			runOnlyForDeploymentPostprocessing = 0;
		};
/* End PBXSourcesBuildPhase section */

/* Begin PBXTargetDependency section */
		94A0ACAA28CED061003F0F95 /* PBXTargetDependency */ = {
			isa = PBXTargetDependency;
			target = 94A0AC8E28CED05E003F0F95 /* tsukete */;
			targetProxy = 94A0ACA928CED061003F0F95 /* PBXContainerItemProxy */;
		};
		94A0ACB428CED061003F0F95 /* PBXTargetDependency */ = {
			isa = PBXTargetDependency;
			target = 94A0AC8E28CED05E003F0F95 /* tsukete */;
			targetProxy = 94A0ACB328CED061003F0F95 /* PBXContainerItemProxy */;
		};
/* End PBXTargetDependency section */

/* Begin PBXVariantGroup section */
		94A0AC9828CED05E003F0F95 /* Main.storyboard */ = {
			isa = PBXVariantGroup;
			children = (
				94A0AC9928CED05E003F0F95 /* Base */,
			);
			name = Main.storyboard;
			sourceTree = "<group>";
		};
		94A0ACA028CED061003F0F95 /* LaunchScreen.storyboard */ = {
			isa = PBXVariantGroup;
			children = (
				94A0ACA128CED061003F0F95 /* Base */,
			);
			name = LaunchScreen.storyboard;
			sourceTree = "<group>";
		};
/* End PBXVariantGroup section */

/* Begin XCBuildConfiguration section */
		94A0ACBA28CED061003F0F95 /* Debug */ = {
			isa = XCBuildConfiguration;
			buildSettings = {
				ALWAYS_SEARCH_USER_PATHS = NO;
				CLANG_ANALYZER_NONNULL = YES;
				CLANG_ANALYZER_NUMBER_OBJECT_CONVERSION = YES_AGGRESSIVE;
				CLANG_CXX_LANGUAGE_STANDARD = "gnu++17";
				CLANG_ENABLE_MODULES = YES;
				CLANG_ENABLE_OBJC_ARC = YES;
				CLANG_ENABLE_OBJC_WEAK = YES;
				CLANG_WARN_BLOCK_CAPTURE_AUTORELEASING = YES;
				CLANG_WARN_BOOL_CONVERSION = YES;
				CLANG_WARN_COMMA = YES;
				CLANG_WARN_CONSTANT_CONVERSION = YES;
				CLANG_WARN_DEPRECATED_OBJC_IMPLEMENTATIONS = YES;
				CLANG_WARN_DIRECT_OBJC_ISA_USAGE = YES_ERROR;
				CLANG_WARN_DOCUMENTATION_COMMENTS = YES;
				CLANG_WARN_EMPTY_BODY = YES;
				CLANG_WARN_ENUM_CONVERSION = YES;
				CLANG_WARN_INFINITE_RECURSION = YES;
				CLANG_WARN_INT_CONVERSION = YES;
				CLANG_WARN_NON_LITERAL_NULL_CONVERSION = YES;
				CLANG_WARN_OBJC_IMPLICIT_RETAIN_SELF = YES;
				CLANG_WARN_OBJC_LITERAL_CONVERSION = YES;
				CLANG_WARN_OBJC_ROOT_CLASS = YES_ERROR;
				CLANG_WARN_QUOTED_INCLUDE_IN_FRAMEWORK_HEADER = YES;
				CLANG_WARN_RANGE_LOOP_ANALYSIS = YES;
				CLANG_WARN_STRICT_PROTOTYPES = YES;
				CLANG_WARN_SUSPICIOUS_MOVE = YES;
				CLANG_WARN_UNGUARDED_AVAILABILITY = YES_AGGRESSIVE;
				CLANG_WARN_UNREACHABLE_CODE = YES;
				CLANG_WARN__DUPLICATE_METHOD_MATCH = YES;
				COPY_PHASE_STRIP = NO;
				DEBUG_INFORMATION_FORMAT = dwarf;
				ENABLE_STRICT_OBJC_MSGSEND = YES;
				ENABLE_TESTABILITY = YES;
				GCC_C_LANGUAGE_STANDARD = gnu11;
				GCC_DYNAMIC_NO_PIC = NO;
				GCC_NO_COMMON_BLOCKS = YES;
				GCC_OPTIMIZATION_LEVEL = 0;
				GCC_PREPROCESSOR_DEFINITIONS = (
					"DEBUG=1",
					"$(inherited)",
				);
				GCC_WARN_64_TO_32_BIT_CONVERSION = YES;
				GCC_WARN_ABOUT_RETURN_TYPE = YES_ERROR;
				GCC_WARN_UNDECLARED_SELECTOR = YES;
				GCC_WARN_UNINITIALIZED_AUTOS = YES_AGGRESSIVE;
				GCC_WARN_UNUSED_FUNCTION = YES;
				GCC_WARN_UNUSED_VARIABLE = YES;
				IPHONEOS_DEPLOYMENT_TARGET = 15.5;
				MTL_ENABLE_DEBUG_INFO = INCLUDE_SOURCE;
				MTL_FAST_MATH = YES;
				ONLY_ACTIVE_ARCH = YES;
				SDKROOT = iphoneos;
				SWIFT_ACTIVE_COMPILATION_CONDITIONS = DEBUG;
				SWIFT_OPTIMIZATION_LEVEL = "-Onone";
			};
			name = Debug;
		};
		94A0ACBB28CED061003F0F95 /* Release */ = {
			isa = XCBuildConfiguration;
			buildSettings = {
				ALWAYS_SEARCH_USER_PATHS = NO;
				CLANG_ANALYZER_NONNULL = YES;
				CLANG_ANALYZER_NUMBER_OBJECT_CONVERSION = YES_AGGRESSIVE;
				CLANG_CXX_LANGUAGE_STANDARD = "gnu++17";
				CLANG_ENABLE_MODULES = YES;
				CLANG_ENABLE_OBJC_ARC = YES;
				CLANG_ENABLE_OBJC_WEAK = YES;
				CLANG_WARN_BLOCK_CAPTURE_AUTORELEASING = YES;
				CLANG_WARN_BOOL_CONVERSION = YES;
				CLANG_WARN_COMMA = YES;
				CLANG_WARN_CONSTANT_CONVERSION = YES;
				CLANG_WARN_DEPRECATED_OBJC_IMPLEMENTATIONS = YES;
				CLANG_WARN_DIRECT_OBJC_ISA_USAGE = YES_ERROR;
				CLANG_WARN_DOCUMENTATION_COMMENTS = YES;
				CLANG_WARN_EMPTY_BODY = YES;
				CLANG_WARN_ENUM_CONVERSION = YES;
				CLANG_WARN_INFINITE_RECURSION = YES;
				CLANG_WARN_INT_CONVERSION = YES;
				CLANG_WARN_NON_LITERAL_NULL_CONVERSION = YES;
				CLANG_WARN_OBJC_IMPLICIT_RETAIN_SELF = YES;
				CLANG_WARN_OBJC_LITERAL_CONVERSION = YES;
				CLANG_WARN_OBJC_ROOT_CLASS = YES_ERROR;
				CLANG_WARN_QUOTED_INCLUDE_IN_FRAMEWORK_HEADER = YES;
				CLANG_WARN_RANGE_LOOP_ANALYSIS = YES;
				CLANG_WARN_STRICT_PROTOTYPES = YES;
				CLANG_WARN_SUSPICIOUS_MOVE = YES;
				CLANG_WARN_UNGUARDED_AVAILABILITY = YES_AGGRESSIVE;
				CLANG_WARN_UNREACHABLE_CODE = YES;
				CLANG_WARN__DUPLICATE_METHOD_MATCH = YES;
				COPY_PHASE_STRIP = NO;
				DEBUG_INFORMATION_FORMAT = "dwarf-with-dsym";
				ENABLE_NS_ASSERTIONS = NO;
				ENABLE_STRICT_OBJC_MSGSEND = YES;
				GCC_C_LANGUAGE_STANDARD = gnu11;
				GCC_NO_COMMON_BLOCKS = YES;
				GCC_WARN_64_TO_32_BIT_CONVERSION = YES;
				GCC_WARN_ABOUT_RETURN_TYPE = YES_ERROR;
				GCC_WARN_UNDECLARED_SELECTOR = YES;
				GCC_WARN_UNINITIALIZED_AUTOS = YES_AGGRESSIVE;
				GCC_WARN_UNUSED_FUNCTION = YES;
				GCC_WARN_UNUSED_VARIABLE = YES;
				IPHONEOS_DEPLOYMENT_TARGET = 15.5;
				MTL_ENABLE_DEBUG_INFO = NO;
				MTL_FAST_MATH = YES;
				SDKROOT = iphoneos;
				SWIFT_COMPILATION_MODE = wholemodule;
				SWIFT_OPTIMIZATION_LEVEL = "-O";
				VALIDATE_PRODUCT = YES;
			};
			name = Release;
		};
		94A0ACBD28CED061003F0F95 /* Debug */ = {
			isa = XCBuildConfiguration;
			buildSettings = {
				ASSETCATALOG_COMPILER_APPICON_NAME = AppIcon;
				ASSETCATALOG_COMPILER_GLOBAL_ACCENT_COLOR_NAME = AccentColor;
				CODE_SIGN_STYLE = Automatic;
				CURRENT_PROJECT_VERSION = 1;
				DEVELOPMENT_TEAM = UNTPRP3C66;
				GENERATE_INFOPLIST_FILE = YES;
				INFOPLIST_FILE = tsukete/Info.plist;
				INFOPLIST_KEY_UIApplicationSupportsIndirectInputEvents = YES;
				INFOPLIST_KEY_UILaunchStoryboardName = LaunchScreen;
				INFOPLIST_KEY_UIMainStoryboardFile = Main;
				INFOPLIST_KEY_UISupportedInterfaceOrientations_iPad = "UIInterfaceOrientationPortrait UIInterfaceOrientationPortraitUpsideDown UIInterfaceOrientationLandscapeLeft UIInterfaceOrientationLandscapeRight";
				INFOPLIST_KEY_UISupportedInterfaceOrientations_iPhone = "UIInterfaceOrientationPortrait UIInterfaceOrientationLandscapeLeft UIInterfaceOrientationLandscapeRight";
				LD_RUNPATH_SEARCH_PATHS = (
					"$(inherited)",
					"@executable_path/Frameworks",
				);
				MARKETING_VERSION = 1.0;
				PRODUCT_BUNDLE_IDENTIFIER = yonyon2022.trigger.intern.tsukete;
				PRODUCT_NAME = "$(TARGET_NAME)";
				SWIFT_EMIT_LOC_STRINGS = YES;
				SWIFT_VERSION = 5.0;
				TARGETED_DEVICE_FAMILY = "1,2";
			};
			name = Debug;
		};
		94A0ACBE28CED061003F0F95 /* Release */ = {
			isa = XCBuildConfiguration;
			buildSettings = {
				ASSETCATALOG_COMPILER_APPICON_NAME = AppIcon;
				ASSETCATALOG_COMPILER_GLOBAL_ACCENT_COLOR_NAME = AccentColor;
				CODE_SIGN_STYLE = Automatic;
				CURRENT_PROJECT_VERSION = 1;
				DEVELOPMENT_TEAM = UNTPRP3C66;
				GENERATE_INFOPLIST_FILE = YES;
				INFOPLIST_FILE = tsukete/Info.plist;
				INFOPLIST_KEY_UIApplicationSupportsIndirectInputEvents = YES;
				INFOPLIST_KEY_UILaunchStoryboardName = LaunchScreen;
				INFOPLIST_KEY_UIMainStoryboardFile = Main;
				INFOPLIST_KEY_UISupportedInterfaceOrientations_iPad = "UIInterfaceOrientationPortrait UIInterfaceOrientationPortraitUpsideDown UIInterfaceOrientationLandscapeLeft UIInterfaceOrientationLandscapeRight";
				INFOPLIST_KEY_UISupportedInterfaceOrientations_iPhone = "UIInterfaceOrientationPortrait UIInterfaceOrientationLandscapeLeft UIInterfaceOrientationLandscapeRight";
				LD_RUNPATH_SEARCH_PATHS = (
					"$(inherited)",
					"@executable_path/Frameworks",
				);
				MARKETING_VERSION = 1.0;
				PRODUCT_BUNDLE_IDENTIFIER = yonyon2022.trigger.intern.tsukete;
				PRODUCT_NAME = "$(TARGET_NAME)";
				SWIFT_EMIT_LOC_STRINGS = YES;
				SWIFT_VERSION = 5.0;
				TARGETED_DEVICE_FAMILY = "1,2";
			};
			name = Release;
		};
		94A0ACC028CED061003F0F95 /* Debug */ = {
			isa = XCBuildConfiguration;
			buildSettings = {
				ALWAYS_EMBED_SWIFT_STANDARD_LIBRARIES = YES;
				BUNDLE_LOADER = "$(TEST_HOST)";
				CODE_SIGN_STYLE = Automatic;
				CURRENT_PROJECT_VERSION = 1;
				DEVELOPMENT_TEAM = UNTPRP3C66;
				GENERATE_INFOPLIST_FILE = YES;
				IPHONEOS_DEPLOYMENT_TARGET = 15.5;
				MARKETING_VERSION = 1.0;
				PRODUCT_BUNDLE_IDENTIFIER = yonyon2022.trigger.intern.tsuketeTests;
				PRODUCT_NAME = "$(TARGET_NAME)";
				SWIFT_EMIT_LOC_STRINGS = NO;
				SWIFT_VERSION = 5.0;
				TARGETED_DEVICE_FAMILY = "1,2";
				TEST_HOST = "$(BUILT_PRODUCTS_DIR)/tsukete.app/tsukete";
			};
			name = Debug;
		};
		94A0ACC128CED061003F0F95 /* Release */ = {
			isa = XCBuildConfiguration;
			buildSettings = {
				ALWAYS_EMBED_SWIFT_STANDARD_LIBRARIES = YES;
				BUNDLE_LOADER = "$(TEST_HOST)";
				CODE_SIGN_STYLE = Automatic;
				CURRENT_PROJECT_VERSION = 1;
				DEVELOPMENT_TEAM = UNTPRP3C66;
				GENERATE_INFOPLIST_FILE = YES;
				IPHONEOS_DEPLOYMENT_TARGET = 15.5;
				MARKETING_VERSION = 1.0;
				PRODUCT_BUNDLE_IDENTIFIER = yonyon2022.trigger.intern.tsuketeTests;
				PRODUCT_NAME = "$(TARGET_NAME)";
				SWIFT_EMIT_LOC_STRINGS = NO;
				SWIFT_VERSION = 5.0;
				TARGETED_DEVICE_FAMILY = "1,2";
				TEST_HOST = "$(BUILT_PRODUCTS_DIR)/tsukete.app/tsukete";
			};
			name = Release;
		};
		94A0ACC328CED061003F0F95 /* Debug */ = {
			isa = XCBuildConfiguration;
			buildSettings = {
				ALWAYS_EMBED_SWIFT_STANDARD_LIBRARIES = YES;
				CODE_SIGN_STYLE = Automatic;
				CURRENT_PROJECT_VERSION = 1;
				DEVELOPMENT_TEAM = UNTPRP3C66;
				GENERATE_INFOPLIST_FILE = YES;
				MARKETING_VERSION = 1.0;
				PRODUCT_BUNDLE_IDENTIFIER = yonyon2022.trigger.intern.tsuketeUITests;
				PRODUCT_NAME = "$(TARGET_NAME)";
				SWIFT_EMIT_LOC_STRINGS = NO;
				SWIFT_VERSION = 5.0;
				TARGETED_DEVICE_FAMILY = "1,2";
				TEST_TARGET_NAME = tsukete;
			};
			name = Debug;
		};
		94A0ACC428CED061003F0F95 /* Release */ = {
			isa = XCBuildConfiguration;
			buildSettings = {
				ALWAYS_EMBED_SWIFT_STANDARD_LIBRARIES = YES;
				CODE_SIGN_STYLE = Automatic;
				CURRENT_PROJECT_VERSION = 1;
				DEVELOPMENT_TEAM = UNTPRP3C66;
				GENERATE_INFOPLIST_FILE = YES;
				MARKETING_VERSION = 1.0;
				PRODUCT_BUNDLE_IDENTIFIER = yonyon2022.trigger.intern.tsuketeUITests;
				PRODUCT_NAME = "$(TARGET_NAME)";
				SWIFT_EMIT_LOC_STRINGS = NO;
				SWIFT_VERSION = 5.0;
				TARGETED_DEVICE_FAMILY = "1,2";
				TEST_TARGET_NAME = tsukete;
			};
			name = Release;
		};
/* End XCBuildConfiguration section */

/* Begin XCConfigurationList section */
		94A0AC8A28CED05E003F0F95 /* Build configuration list for PBXProject "tsukete" */ = {
			isa = XCConfigurationList;
			buildConfigurations = (
				94A0ACBA28CED061003F0F95 /* Debug */,
				94A0ACBB28CED061003F0F95 /* Release */,
			);
			defaultConfigurationIsVisible = 0;
			defaultConfigurationName = Release;
		};
		94A0ACBC28CED061003F0F95 /* Build configuration list for PBXNativeTarget "tsukete" */ = {
			isa = XCConfigurationList;
			buildConfigurations = (
				94A0ACBD28CED061003F0F95 /* Debug */,
				94A0ACBE28CED061003F0F95 /* Release */,
			);
			defaultConfigurationIsVisible = 0;
			defaultConfigurationName = Release;
		};
		94A0ACBF28CED061003F0F95 /* Build configuration list for PBXNativeTarget "tsuketeTests" */ = {
			isa = XCConfigurationList;
			buildConfigurations = (
				94A0ACC028CED061003F0F95 /* Debug */,
				94A0ACC128CED061003F0F95 /* Release */,
			);
			defaultConfigurationIsVisible = 0;
			defaultConfigurationName = Release;
		};
		94A0ACC228CED061003F0F95 /* Build configuration list for PBXNativeTarget "tsuketeUITests" */ = {
			isa = XCConfigurationList;
			buildConfigurations = (
				94A0ACC328CED061003F0F95 /* Debug */,
				94A0ACC428CED061003F0F95 /* Release */,
			);
			defaultConfigurationIsVisible = 0;
			defaultConfigurationName = Release;
		};
/* End XCConfigurationList section */

/* Begin XCVersionGroup section */
		94A0AC9B28CED05E003F0F95 /* tsukete.xcdatamodeld */ = {
			isa = XCVersionGroup;
			children = (
				94A0AC9C28CED05E003F0F95 /* tsukete.xcdatamodel */,
			);
			currentVersion = 94A0AC9C28CED05E003F0F95 /* tsukete.xcdatamodel */;
			path = tsukete.xcdatamodeld;
			sourceTree = "<group>";
			versionGroupType = wrapper.xcdatamodel;
		};
/* End XCVersionGroup section */
	};
	rootObject = 94A0AC8728CED05E003F0F95 /* Project object */;
}
