// !$*UTF8*$!
{
	archiveVersion = 1;
	classes = {
	};
	objectVersion = 55;
	objects = {

/* Begin PBXBuildFile section */
		51879ADDAA694D0FC231E091 /* libPods-tsukete-tsuketeUITests.a in Frameworks */ = {isa = PBXBuildFile; fileRef = 76F1F15DC4B3DBE0B2A4A2A0 /* libPods-tsukete-tsuketeUITests.a */; };
		89108C2747E938E8CE2F3296 /* libPods-tsuketeTests.a in Frameworks */ = {isa = PBXBuildFile; fileRef = 0D8B960B57438397629643E8 /* libPods-tsuketeTests.a */; };
		9416638428D2D7F400E614C8 /* DetailListSeatsVC.storyboard in Resources */ = {isa = PBXBuildFile; fileRef = 9416638328D2D7F400E614C8 /* DetailListSeatsVC.storyboard */; };
		9416638628D2D86400E614C8 /* DetailCardVC.storyboard in Resources */ = {isa = PBXBuildFile; fileRef = 9416638528D2D86400E614C8 /* DetailCardVC.storyboard */; };
		9430733028D0C79C008C183C /* testCustomView.swift in Sources */ = {isa = PBXBuildFile; fileRef = 9430732F28D0C79C008C183C /* testCustomView.swift */; };
		9437612828D1A25F0061A1AF /* DetailCardVC.swift in Sources */ = {isa = PBXBuildFile; fileRef = 9437612728D1A25F0061A1AF /* DetailCardVC.swift */; };
		9437612D28D1CDA60061A1AF /* SeatTableViewCell.swift in Sources */ = {isa = PBXBuildFile; fileRef = 9437612B28D1CDA60061A1AF /* SeatTableViewCell.swift */; };
		9437612E28D1CDA60061A1AF /* SeatTableViewCell.xib in Resources */ = {isa = PBXBuildFile; fileRef = 9437612C28D1CDA60061A1AF /* SeatTableViewCell.xib */; };
		9437613028D1CE630061A1AF /* explain2.png in Resources */ = {isa = PBXBuildFile; fileRef = 9437612F28D1CE630061A1AF /* explain2.png */; };
		9437613228D1CE680061A1AF /* explain3.png in Resources */ = {isa = PBXBuildFile; fileRef = 9437613128D1CE680061A1AF /* explain3.png */; };
		9437613428D1CE6F0061A1AF /* explainBackground.png in Resources */ = {isa = PBXBuildFile; fileRef = 9437613328D1CE6F0061A1AF /* explainBackground.png */; };
		9437613628D1CE750061A1AF /* explain4.png in Resources */ = {isa = PBXBuildFile; fileRef = 9437613528D1CE750061A1AF /* explain4.png */; };
		944CBF1528D174EF008EB159 /* FontModel.swift in Sources */ = {isa = PBXBuildFile; fileRef = 944CBF1428D174EF008EB159 /* FontModel.swift */; };
		944CBF1928D176EB008EB159 /* serverPlaceModel.swift in Sources */ = {isa = PBXBuildFile; fileRef = 944CBF1828D176EB008EB159 /* serverPlaceModel.swift */; };
		9453D13728D3866A0098FC66 /* newExplain1.png in Resources */ = {isa = PBXBuildFile; fileRef = 9453D13628D3866A0098FC66 /* newExplain1.png */; };
		945731C428D1D03F0037C0B3 /* chair.png in Resources */ = {isa = PBXBuildFile; fileRef = 945731C328D1D03F0037C0B3 /* chair.png */; };
		945731C628D1D0450037C0B3 /* table.png in Resources */ = {isa = PBXBuildFile; fileRef = 945731C528D1D0450037C0B3 /* table.png */; };
		94644DF428D061A6002E3C2C /* ProfileViewController.swift in Sources */ = {isa = PBXBuildFile; fileRef = 94644DF228D061A6002E3C2C /* ProfileViewController.swift */; };
		94644DF528D061A6002E3C2C /* ProfileViewController.xib in Resources */ = {isa = PBXBuildFile; fileRef = 94644DF328D061A6002E3C2C /* ProfileViewController.xib */; };
		9475E29928CF5E8E0046292A /* POIItem.swift in Sources */ = {isa = PBXBuildFile; fileRef = 9475E29828CF5E8E0046292A /* POIItem.swift */; };
		947A1CF428D072510080ADCF /* RestaurantSmallView.swift in Sources */ = {isa = PBXBuildFile; fileRef = 947A1CF328D072510080ADCF /* RestaurantSmallView.swift */; };
		947A1CFA28D072F00080ADCF /* RestaurantSmallView.xib in Resources */ = {isa = PBXBuildFile; fileRef = 947A1CF928D072F00080ADCF /* RestaurantSmallView.xib */; };
		94A0AC9328CED05E003F0F95 /* AppDelegate.swift in Sources */ = {isa = PBXBuildFile; fileRef = 94A0AC9228CED05E003F0F95 /* AppDelegate.swift */; };
		94A0AC9528CED05E003F0F95 /* SceneDelegate.swift in Sources */ = {isa = PBXBuildFile; fileRef = 94A0AC9428CED05E003F0F95 /* SceneDelegate.swift */; };
		94A0AC9728CED05E003F0F95 /* ViewController.swift in Sources */ = {isa = PBXBuildFile; fileRef = 94A0AC9628CED05E003F0F95 /* ViewController.swift */; };
		94A0AC9A28CED05E003F0F95 /* Main.storyboard in Resources */ = {isa = PBXBuildFile; fileRef = 94A0AC9828CED05E003F0F95 /* Main.storyboard */; };
		94A0AC9D28CED05E003F0F95 /* tsukete.xcdatamodeld in Sources */ = {isa = PBXBuildFile; fileRef = 94A0AC9B28CED05E003F0F95 /* tsukete.xcdatamodeld */; };
		94A0AC9F28CED061003F0F95 /* Assets.xcassets in Resources */ = {isa = PBXBuildFile; fileRef = 94A0AC9E28CED061003F0F95 /* Assets.xcassets */; };
		94A0ACA228CED061003F0F95 /* LaunchScreen.storyboard in Resources */ = {isa = PBXBuildFile; fileRef = 94A0ACA028CED061003F0F95 /* LaunchScreen.storyboard */; };
		94A0ACAD28CED061003F0F95 /* tsuketeTests.swift in Sources */ = {isa = PBXBuildFile; fileRef = 94A0ACAC28CED061003F0F95 /* tsuketeTests.swift */; };
		94A0ACB728CED061003F0F95 /* tsuketeUITests.swift in Sources */ = {isa = PBXBuildFile; fileRef = 94A0ACB628CED061003F0F95 /* tsuketeUITests.swift */; };
		94A0ACB928CED061003F0F95 /* tsuketeUITestsLaunchTests.swift in Sources */ = {isa = PBXBuildFile; fileRef = 94A0ACB828CED061003F0F95 /* tsuketeUITestsLaunchTests.swift */; };
		94A0ACCA28CED3C8003F0F95 /* tsuketeLogo.png in Resources */ = {isa = PBXBuildFile; fileRef = 94A0ACC928CED3C8003F0F95 /* tsuketeLogo.png */; };
		94A0ACD428CED98D003F0F95 /* OnboardingPageVC.swift in Sources */ = {isa = PBXBuildFile; fileRef = 94A0ACD228CED98D003F0F95 /* OnboardingPageVC.swift */; };
		94A0ACD828CEF31C003F0F95 /* OnboardingItemVC.swift in Sources */ = {isa = PBXBuildFile; fileRef = 94A0ACD628CEF31C003F0F95 /* OnboardingItemVC.swift */; };
		94A0ACD928CEF31C003F0F95 /* OnboardingItemVC.xib in Resources */ = {isa = PBXBuildFile; fileRef = 94A0ACD728CEF31C003F0F95 /* OnboardingItemVC.xib */; };
		94B9A37A28D1E3D000654450 /* LiveSeatsView.swift in Sources */ = {isa = PBXBuildFile; fileRef = 94B9A37928D1E3D000654450 /* LiveSeatsView.swift */; };
		94B9A37C28D1E3DC00654450 /* LiveSeatsView.xib in Resources */ = {isa = PBXBuildFile; fileRef = 94B9A37B28D1E3DC00654450 /* LiveSeatsView.xib */; };
		94B9A37E28D1E5CF00654450 /* seatsExample.png in Resources */ = {isa = PBXBuildFile; fileRef = 94B9A37D28D1E5CF00654450 /* seatsExample.png */; };
		94B9A38028D1ECAD00654450 /* serverSeatsModel.swift in Sources */ = {isa = PBXBuildFile; fileRef = 94B9A37F28D1ECAD00654450 /* serverSeatsModel.swift */; };
		94B9A38328D1EEAB00654450 /* DetailListSeatsVC.swift in Sources */ = {isa = PBXBuildFile; fileRef = 94B9A38128D1EEAB00654450 /* DetailListSeatsVC.swift */; };
		94D18EC828D0E3CA00D5650E /* testCustomView.xib in Resources */ = {isa = PBXBuildFile; fileRef = 94D18EC728D0E3CA00D5650E /* testCustomView.xib */; };
		94D715CB28D33636003332D9 /* concent.png in Resources */ = {isa = PBXBuildFile; fileRef = 94D715CA28D33636003332D9 /* concent.png */; };
		94D715CD28D3363C003332D9 /* noTabaco.png in Resources */ = {isa = PBXBuildFile; fileRef = 94D715CC28D3363C003332D9 /* noTabaco.png */; };
		94E88AD228D2FAB20016A6A6 /* NetworkLayer.swift in Sources */ = {isa = PBXBuildFile; fileRef = 94E88AD128D2FAB20016A6A6 /* NetworkLayer.swift */; };
		EE4505C2BF758B1EE9E797C5 /* libPods-tsukete.a in Frameworks */ = {isa = PBXBuildFile; fileRef = F1F104BC3B25C91A93B0772D /* libPods-tsukete.a */; };
/* End PBXBuildFile section */

/* Begin PBXContainerItemProxy section */
		94A0ACA928CED061003F0F95 /* PBXContainerItemProxy */ = {
			isa = PBXContainerItemProxy;
			containerPortal = 94A0AC8728CED05E003F0F95 /* Project object */;
			proxyType = 1;
			remoteGlobalIDString = 94A0AC8E28CED05E003F0F95;
			remoteInfo = tsukete;
		};
		94A0ACB328CED061003F0F95 /* PBXContainerItemProxy */ = {
			isa = PBXContainerItemProxy;
			containerPortal = 94A0AC8728CED05E003F0F95 /* Project object */;
			proxyType = 1;
			remoteGlobalIDString = 94A0AC8E28CED05E003F0F95;
			remoteInfo = tsukete;
		};
/* End PBXContainerItemProxy section */

/* Begin PBXFileReference section */
		0D8B960B57438397629643E8 /* libPods-tsuketeTests.a */ = {isa = PBXFileReference; explicitFileType = archive.ar; includeInIndex = 0; path = "libPods-tsuketeTests.a"; sourceTree = BUILT_PRODUCTS_DIR; };
		32F31AA9E8200D68F4A536B4 /* Pods-tsuketeTests.release.xcconfig */ = {isa = PBXFileReference; includeInIndex = 1; lastKnownFileType = text.xcconfig; name = "Pods-tsuketeTests.release.xcconfig"; path = "Target Support Files/Pods-tsuketeTests/Pods-tsuketeTests.release.xcconfig"; sourceTree = "<group>"; };
		5264F859F1A2C81D90C2C7F6 /* Pods-tsukete.debug.xcconfig */ = {isa = PBXFileReference; includeInIndex = 1; lastKnownFileType = text.xcconfig; name = "Pods-tsukete.debug.xcconfig"; path = "Target Support Files/Pods-tsukete/Pods-tsukete.debug.xcconfig"; sourceTree = "<group>"; };
		76F1F15DC4B3DBE0B2A4A2A0 /* libPods-tsukete-tsuketeUITests.a */ = {isa = PBXFileReference; explicitFileType = archive.ar; includeInIndex = 0; path = "libPods-tsukete-tsuketeUITests.a"; sourceTree = BUILT_PRODUCTS_DIR; };
		79D30214373D5BF68D8DC036 /* Pods-tsukete-tsuketeUITests.debug.xcconfig */ = {isa = PBXFileReference; includeInIndex = 1; lastKnownFileType = text.xcconfig; name = "Pods-tsukete-tsuketeUITests.debug.xcconfig"; path = "Target Support Files/Pods-tsukete-tsuketeUITests/Pods-tsukete-tsuketeUITests.debug.xcconfig"; sourceTree = "<group>"; };
		9416638328D2D7F400E614C8 /* DetailListSeatsVC.storyboard */ = {isa = PBXFileReference; lastKnownFileType = file.storyboard; path = DetailListSeatsVC.storyboard; sourceTree = "<group>"; };
		9416638528D2D86400E614C8 /* DetailCardVC.storyboard */ = {isa = PBXFileReference; lastKnownFileType = file.storyboard; path = DetailCardVC.storyboard; sourceTree = "<group>"; };
		9430732F28D0C79C008C183C /* testCustomView.swift */ = {isa = PBXFileReference; lastKnownFileType = sourcecode.swift; path = testCustomView.swift; sourceTree = "<group>"; };
		9437612728D1A25F0061A1AF /* DetailCardVC.swift */ = {isa = PBXFileReference; lastKnownFileType = sourcecode.swift; path = DetailCardVC.swift; sourceTree = "<group>"; };
		9437612B28D1CDA60061A1AF /* SeatTableViewCell.swift */ = {isa = PBXFileReference; lastKnownFileType = sourcecode.swift; path = SeatTableViewCell.swift; sourceTree = "<group>"; };
		9437612C28D1CDA60061A1AF /* SeatTableViewCell.xib */ = {isa = PBXFileReference; lastKnownFileType = file.xib; path = SeatTableViewCell.xib; sourceTree = "<group>"; };
		9437612F28D1CE630061A1AF /* explain2.png */ = {isa = PBXFileReference; lastKnownFileType = image.png; path = explain2.png; sourceTree = "<group>"; };
		9437613128D1CE680061A1AF /* explain3.png */ = {isa = PBXFileReference; lastKnownFileType = image.png; path = explain3.png; sourceTree = "<group>"; };
		9437613328D1CE6F0061A1AF /* explainBackground.png */ = {isa = PBXFileReference; lastKnownFileType = image.png; path = explainBackground.png; sourceTree = "<group>"; };
		9437613528D1CE750061A1AF /* explain4.png */ = {isa = PBXFileReference; lastKnownFileType = image.png; path = explain4.png; sourceTree = "<group>"; };
		944CBF1428D174EF008EB159 /* FontModel.swift */ = {isa = PBXFileReference; lastKnownFileType = sourcecode.swift; path = FontModel.swift; sourceTree = "<group>"; };
		944CBF1828D176EB008EB159 /* serverPlaceModel.swift */ = {isa = PBXFileReference; lastKnownFileType = sourcecode.swift; path = serverPlaceModel.swift; sourceTree = "<group>"; };
		9453D13628D3866A0098FC66 /* newExplain1.png */ = {isa = PBXFileReference; lastKnownFileType = image.png; path = newExplain1.png; sourceTree = "<group>"; };
		945731C328D1D03F0037C0B3 /* chair.png */ = {isa = PBXFileReference; lastKnownFileType = image.png; path = chair.png; sourceTree = "<group>"; };
		945731C528D1D0450037C0B3 /* table.png */ = {isa = PBXFileReference; lastKnownFileType = image.png; path = table.png; sourceTree = "<group>"; };
		94644DF228D061A6002E3C2C /* ProfileViewController.swift */ = {isa = PBXFileReference; lastKnownFileType = sourcecode.swift; path = ProfileViewController.swift; sourceTree = "<group>"; };
		94644DF328D061A6002E3C2C /* ProfileViewController.xib */ = {isa = PBXFileReference; lastKnownFileType = file.xib; path = ProfileViewController.xib; sourceTree = "<group>"; };
		9475E29828CF5E8E0046292A /* POIItem.swift */ = {isa = PBXFileReference; lastKnownFileType = sourcecode.swift; path = POIItem.swift; sourceTree = "<group>"; };
		947A1CF328D072510080ADCF /* RestaurantSmallView.swift */ = {isa = PBXFileReference; lastKnownFileType = sourcecode.swift; path = RestaurantSmallView.swift; sourceTree = "<group>"; };
		947A1CF928D072F00080ADCF /* RestaurantSmallView.xib */ = {isa = PBXFileReference; lastKnownFileType = file.xib; path = RestaurantSmallView.xib; sourceTree = "<group>"; };
		94A0AC8F28CED05E003F0F95 /* tsukete.app */ = {isa = PBXFileReference; explicitFileType = wrapper.application; includeInIndex = 0; path = tsukete.app; sourceTree = BUILT_PRODUCTS_DIR; };
		94A0AC9228CED05E003F0F95 /* AppDelegate.swift */ = {isa = PBXFileReference; lastKnownFileType = sourcecode.swift; path = AppDelegate.swift; sourceTree = "<group>"; };
		94A0AC9428CED05E003F0F95 /* SceneDelegate.swift */ = {isa = PBXFileReference; lastKnownFileType = sourcecode.swift; path = SceneDelegate.swift; sourceTree = "<group>"; };
		94A0AC9628CED05E003F0F95 /* ViewController.swift */ = {isa = PBXFileReference; lastKnownFileType = sourcecode.swift; path = ViewController.swift; sourceTree = "<group>"; };
		94A0AC9928CED05E003F0F95 /* Base */ = {isa = PBXFileReference; lastKnownFileType = file.storyboard; name = Base; path = Base.lproj/Main.storyboard; sourceTree = "<group>"; };
		94A0AC9C28CED05E003F0F95 /* tsukete.xcdatamodel */ = {isa = PBXFileReference; lastKnownFileType = wrapper.xcdatamodel; path = tsukete.xcdatamodel; sourceTree = "<group>"; };
		94A0AC9E28CED061003F0F95 /* Assets.xcassets */ = {isa = PBXFileReference; lastKnownFileType = folder.assetcatalog; path = Assets.xcassets; sourceTree = "<group>"; };
		94A0ACA128CED061003F0F95 /* Base */ = {isa = PBXFileReference; lastKnownFileType = file.storyboard; name = Base; path = Base.lproj/LaunchScreen.storyboard; sourceTree = "<group>"; };
		94A0ACA328CED061003F0F95 /* Info.plist */ = {isa = PBXFileReference; lastKnownFileType = text.plist.xml; path = Info.plist; sourceTree = "<group>"; };
		94A0ACA828CED061003F0F95 /* tsuketeTests.xctest */ = {isa = PBXFileReference; explicitFileType = wrapper.cfbundle; includeInIndex = 0; path = tsuketeTests.xctest; sourceTree = BUILT_PRODUCTS_DIR; };
		94A0ACAC28CED061003F0F95 /* tsuketeTests.swift */ = {isa = PBXFileReference; lastKnownFileType = sourcecode.swift; path = tsuketeTests.swift; sourceTree = "<group>"; };
		94A0ACB228CED061003F0F95 /* tsuketeUITests.xctest */ = {isa = PBXFileReference; explicitFileType = wrapper.cfbundle; includeInIndex = 0; path = tsuketeUITests.xctest; sourceTree = BUILT_PRODUCTS_DIR; };
		94A0ACB628CED061003F0F95 /* tsuketeUITests.swift */ = {isa = PBXFileReference; lastKnownFileType = sourcecode.swift; path = tsuketeUITests.swift; sourceTree = "<group>"; };
		94A0ACB828CED061003F0F95 /* tsuketeUITestsLaunchTests.swift */ = {isa = PBXFileReference; lastKnownFileType = sourcecode.swift; path = tsuketeUITestsLaunchTests.swift; sourceTree = "<group>"; };
		94A0ACC928CED3C8003F0F95 /* tsuketeLogo.png */ = {isa = PBXFileReference; lastKnownFileType = image.png; path = tsuketeLogo.png; sourceTree = "<group>"; };
		94A0ACD228CED98D003F0F95 /* OnboardingPageVC.swift */ = {isa = PBXFileReference; lastKnownFileType = sourcecode.swift; path = OnboardingPageVC.swift; sourceTree = "<group>"; };
		94A0ACD628CEF31C003F0F95 /* OnboardingItemVC.swift */ = {isa = PBXFileReference; lastKnownFileType = sourcecode.swift; path = OnboardingItemVC.swift; sourceTree = "<group>"; };
		94A0ACD728CEF31C003F0F95 /* OnboardingItemVC.xib */ = {isa = PBXFileReference; lastKnownFileType = file.xib; path = OnboardingItemVC.xib; sourceTree = "<group>"; };
		94B9A37928D1E3D000654450 /* LiveSeatsView.swift */ = {isa = PBXFileReference; lastKnownFileType = sourcecode.swift; path = LiveSeatsView.swift; sourceTree = "<group>"; };
		94B9A37B28D1E3DC00654450 /* LiveSeatsView.xib */ = {isa = PBXFileReference; lastKnownFileType = file.xib; path = LiveSeatsView.xib; sourceTree = "<group>"; };
		94B9A37D28D1E5CF00654450 /* seatsExample.png */ = {isa = PBXFileReference; lastKnownFileType = image.png; path = seatsExample.png; sourceTree = "<group>"; };
		94B9A37F28D1ECAD00654450 /* serverSeatsModel.swift */ = {isa = PBXFileReference; lastKnownFileType = sourcecode.swift; path = serverSeatsModel.swift; sourceTree = "<group>"; };
		94B9A38128D1EEAB00654450 /* DetailListSeatsVC.swift */ = {isa = PBXFileReference; lastKnownFileType = sourcecode.swift; path = DetailListSeatsVC.swift; sourceTree = "<group>"; };
		94D18EC728D0E3CA00D5650E /* testCustomView.xib */ = {isa = PBXFileReference; lastKnownFileType = file.xib; path = testCustomView.xib; sourceTree = "<group>"; };
		94D715CA28D33636003332D9 /* concent.png */ = {isa = PBXFileReference; lastKnownFileType = image.png; path = concent.png; sourceTree = "<group>"; };
		94D715CC28D3363C003332D9 /* noTabaco.png */ = {isa = PBXFileReference; lastKnownFileType = image.png; path = noTabaco.png; sourceTree = "<group>"; };
		94E88AD128D2FAB20016A6A6 /* NetworkLayer.swift */ = {isa = PBXFileReference; lastKnownFileType = sourcecode.swift; path = NetworkLayer.swift; sourceTree = "<group>"; };
		9ACAFC9115E9FCA9D79F2977 /* Pods-tsukete-tsuketeUITests.release.xcconfig */ = {isa = PBXFileReference; includeInIndex = 1; lastKnownFileType = text.xcconfig; name = "Pods-tsukete-tsuketeUITests.release.xcconfig"; path = "Target Support Files/Pods-tsukete-tsuketeUITests/Pods-tsukete-tsuketeUITests.release.xcconfig"; sourceTree = "<group>"; };
		EEB8A502276E7E8A74897EA6 /* Pods-tsukete.release.xcconfig */ = {isa = PBXFileReference; includeInIndex = 1; lastKnownFileType = text.xcconfig; name = "Pods-tsukete.release.xcconfig"; path = "Target Support Files/Pods-tsukete/Pods-tsukete.release.xcconfig"; sourceTree = "<group>"; };
		F1F104BC3B25C91A93B0772D /* libPods-tsukete.a */ = {isa = PBXFileReference; explicitFileType = archive.ar; includeInIndex = 0; path = "libPods-tsukete.a"; sourceTree = BUILT_PRODUCTS_DIR; };
		FFE02689D00FB57ABC761D56 /* Pods-tsuketeTests.debug.xcconfig */ = {isa = PBXFileReference; includeInIndex = 1; lastKnownFileType = text.xcconfig; name = "Pods-tsuketeTests.debug.xcconfig"; path = "Target Support Files/Pods-tsuketeTests/Pods-tsuketeTests.debug.xcconfig"; sourceTree = "<group>"; };
/* End PBXFileReference section */

/* Begin PBXFrameworksBuildPhase section */
		94A0AC8C28CED05E003F0F95 /* Frameworks */ = {
			isa = PBXFrameworksBuildPhase;
			buildActionMask = 2147483647;
			files = (
				EE4505C2BF758B1EE9E797C5 /* libPods-tsukete.a in Frameworks */,
			);
			runOnlyForDeploymentPostprocessing = 0;
		};
		94A0ACA528CED061003F0F95 /* Frameworks */ = {
			isa = PBXFrameworksBuildPhase;
			buildActionMask = 2147483647;
			files = (
				89108C2747E938E8CE2F3296 /* libPods-tsuketeTests.a in Frameworks */,
			);
			runOnlyForDeploymentPostprocessing = 0;
		};
		94A0ACAF28CED061003F0F95 /* Frameworks */ = {
			isa = PBXFrameworksBuildPhase;
			buildActionMask = 2147483647;
			files = (
				51879ADDAA694D0FC231E091 /* libPods-tsukete-tsuketeUITests.a in Frameworks */,
			);
			runOnlyForDeploymentPostprocessing = 0;
		};
/* End PBXFrameworksBuildPhase section */

/* Begin PBXGroup section */
		3E241AFBBDDFF70AFC4A4CF2 /* Pods */ = {
			isa = PBXGroup;
			children = (
				5264F859F1A2C81D90C2C7F6 /* Pods-tsukete.debug.xcconfig */,
				EEB8A502276E7E8A74897EA6 /* Pods-tsukete.release.xcconfig */,
				79D30214373D5BF68D8DC036 /* Pods-tsukete-tsuketeUITests.debug.xcconfig */,
				9ACAFC9115E9FCA9D79F2977 /* Pods-tsukete-tsuketeUITests.release.xcconfig */,
				FFE02689D00FB57ABC761D56 /* Pods-tsuketeTests.debug.xcconfig */,
				32F31AA9E8200D68F4A536B4 /* Pods-tsuketeTests.release.xcconfig */,
			);
			path = Pods;
			sourceTree = "<group>";
		};
		94A0AC8628CED05E003F0F95 = {
			isa = PBXGroup;
			children = (
				94A0AC9128CED05E003F0F95 /* tsukete */,
				94A0ACAB28CED061003F0F95 /* tsuketeTests */,
				94A0ACB528CED061003F0F95 /* tsuketeUITests */,
				94A0AC9028CED05E003F0F95 /* Products */,
				3E241AFBBDDFF70AFC4A4CF2 /* Pods */,
				F9C4C54D2667930BA143E4DF /* Frameworks */,
			);
			sourceTree = "<group>";
		};
		94A0AC9028CED05E003F0F95 /* Products */ = {
			isa = PBXGroup;
			children = (
				94A0AC8F28CED05E003F0F95 /* tsukete.app */,
				94A0ACA828CED061003F0F95 /* tsuketeTests.xctest */,
				94A0ACB228CED061003F0F95 /* tsuketeUITests.xctest */,
			);
			name = Products;
			sourceTree = "<group>";
		};
		94A0AC9128CED05E003F0F95 /* tsukete */ = {
			isa = PBXGroup;
			children = (
				94A0ACD128CED6F9003F0F95 /* Storyboard */,
				94A0AC9228CED05E003F0F95 /* AppDelegate.swift */,
				94A0AC9428CED05E003F0F95 /* SceneDelegate.swift */,
				94A0ACC828CED389003F0F95 /* Resources */,
				94A0ACC728CED383003F0F95 /* Controller */,
				94A0ACC628CED37D003F0F95 /* Model */,
				94A0ACC528CED378003F0F95 /* View */,
				94A0AC9E28CED061003F0F95 /* Assets.xcassets */,
				94A0ACA328CED061003F0F95 /* Info.plist */,
				94A0AC9B28CED05E003F0F95 /* tsukete.xcdatamodeld */,
			);
			path = tsukete;
			sourceTree = "<group>";
		};
		94A0ACAB28CED061003F0F95 /* tsuketeTests */ = {
			isa = PBXGroup;
			children = (
				94A0ACAC28CED061003F0F95 /* tsuketeTests.swift */,
			);
			path = tsuketeTests;
			sourceTree = "<group>";
		};
		94A0ACB528CED061003F0F95 /* tsuketeUITests */ = {
			isa = PBXGroup;
			children = (
				94A0ACB628CED061003F0F95 /* tsuketeUITests.swift */,
				94A0ACB828CED061003F0F95 /* tsuketeUITestsLaunchTests.swift */,
			);
			path = tsuketeUITests;
			sourceTree = "<group>";
		};
		94A0ACC528CED378003F0F95 /* View */ = {
			isa = PBXGroup;
			children = (
				94A0AC9628CED05E003F0F95 /* ViewController.swift */,
				94644DF228D061A6002E3C2C /* ProfileViewController.swift */,
				94A0ACD628CEF31C003F0F95 /* OnboardingItemVC.swift */,
				947A1CF328D072510080ADCF /* RestaurantSmallView.swift */,
				9430732F28D0C79C008C183C /* testCustomView.swift */,
				9437612728D1A25F0061A1AF /* DetailCardVC.swift */,
				9416638528D2D86400E614C8 /* DetailCardVC.storyboard */,
				9437612B28D1CDA60061A1AF /* SeatTableViewCell.swift */,
				94B9A37928D1E3D000654450 /* LiveSeatsView.swift */,
				94B9A38128D1EEAB00654450 /* DetailListSeatsVC.swift */,
				9416638328D2D7F400E614C8 /* DetailListSeatsVC.storyboard */,
			);
			path = View;
			sourceTree = "<group>";
		};
		94A0ACC628CED37D003F0F95 /* Model */ = {
			isa = PBXGroup;
			children = (
				9475E29828CF5E8E0046292A /* POIItem.swift */,
				944CBF1428D174EF008EB159 /* FontModel.swift */,
				944CBF1828D176EB008EB159 /* serverPlaceModel.swift */,
				94B9A37F28D1ECAD00654450 /* serverSeatsModel.swift */,
			);
			path = Model;
			sourceTree = "<group>";
		};
		94A0ACC728CED383003F0F95 /* Controller */ = {
			isa = PBXGroup;
			children = (
				94A0ACD228CED98D003F0F95 /* OnboardingPageVC.swift */,
				94E88AD128D2FAB20016A6A6 /* NetworkLayer.swift */,
			);
			path = Controller;
			sourceTree = "<group>";
		};
		94A0ACC828CED389003F0F95 /* Resources */ = {
			isa = PBXGroup;
			children = (
				94A0ACC928CED3C8003F0F95 /* tsuketeLogo.png */,
				9437613328D1CE6F0061A1AF /* explainBackground.png */,
				9453D13628D3866A0098FC66 /* newExplain1.png */,
				9437612F28D1CE630061A1AF /* explain2.png */,
				9437613128D1CE680061A1AF /* explain3.png */,
				9437613528D1CE750061A1AF /* explain4.png */,
				945731C328D1D03F0037C0B3 /* chair.png */,
				945731C528D1D0450037C0B3 /* table.png */,
				94B9A37D28D1E5CF00654450 /* seatsExample.png */,
				94D715CA28D33636003332D9 /* concent.png */,
				94D715CC28D3363C003332D9 /* noTabaco.png */,
			);
			path = Resources;
			sourceTree = "<group>";
		};
		94A0ACD128CED6F9003F0F95 /* Storyboard */ = {
			isa = PBXGroup;
			children = (
				94A0ACA028CED061003F0F95 /* LaunchScreen.storyboard */,
				94A0AC9828CED05E003F0F95 /* Main.storyboard */,
				94A0ACD728CEF31C003F0F95 /* OnboardingItemVC.xib */,
				94644DF328D061A6002E3C2C /* ProfileViewController.xib */,
				947A1CF928D072F00080ADCF /* RestaurantSmallView.xib */,
				94D18EC728D0E3CA00D5650E /* testCustomView.xib */,
				9437612C28D1CDA60061A1AF /* SeatTableViewCell.xib */,
				94B9A37B28D1E3DC00654450 /* LiveSeatsView.xib */,
			);
			path = Storyboard;
			sourceTree = "<group>";
		};
		F9C4C54D2667930BA143E4DF /* Frameworks */ = {
			isa = PBXGroup;
			children = (
				F1F104BC3B25C91A93B0772D /* libPods-tsukete.a */,
				76F1F15DC4B3DBE0B2A4A2A0 /* libPods-tsukete-tsuketeUITests.a */,
				0D8B960B57438397629643E8 /* libPods-tsuketeTests.a */,
			);
			name = Frameworks;
			sourceTree = "<group>";
		};
/* End PBXGroup section */

/* Begin PBXNativeTarget section */
		94A0AC8E28CED05E003F0F95 /* tsukete */ = {
			isa = PBXNativeTarget;
			buildConfigurationList = 94A0ACBC28CED061003F0F95 /* Build configuration list for PBXNativeTarget "tsukete" */;
			buildPhases = (
				996E6DB1C9F7072899D8FDE0 /* [CP] Check Pods Manifest.lock */,
				94A0AC8B28CED05E003F0F95 /* Sources */,
				94A0AC8C28CED05E003F0F95 /* Frameworks */,
				94A0AC8D28CED05E003F0F95 /* Resources */,
				88F147518A0087C74F61F960 /* [CP] Copy Pods Resources */,
			);
			buildRules = (
			);
			dependencies = (
			);
			name = tsukete;
			productName = tsukete;
			productReference = 94A0AC8F28CED05E003F0F95 /* tsukete.app */;
			productType = "com.apple.product-type.application";
		};
		94A0ACA728CED061003F0F95 /* tsuketeTests */ = {
			isa = PBXNativeTarget;
			buildConfigurationList = 94A0ACBF28CED061003F0F95 /* Build configuration list for PBXNativeTarget "tsuketeTests" */;
			buildPhases = (
				A2ABEBA2381B41414E305E0D /* [CP] Check Pods Manifest.lock */,
				94A0ACA428CED061003F0F95 /* Sources */,
				94A0ACA528CED061003F0F95 /* Frameworks */,
				94A0ACA628CED061003F0F95 /* Resources */,
			);
			buildRules = (
			);
			dependencies = (
				94A0ACAA28CED061003F0F95 /* PBXTargetDependency */,
			);
			name = tsuketeTests;
			productName = tsuketeTests;
			productReference = 94A0ACA828CED061003F0F95 /* tsuketeTests.xctest */;
			productType = "com.apple.product-type.bundle.unit-test";
		};
		94A0ACB128CED061003F0F95 /* tsuketeUITests */ = {
			isa = PBXNativeTarget;
			buildConfigurationList = 94A0ACC228CED061003F0F95 /* Build configuration list for PBXNativeTarget "tsuketeUITests" */;
			buildPhases = (
				84422565A94CB11F735719FD /* [CP] Check Pods Manifest.lock */,
				94A0ACAE28CED061003F0F95 /* Sources */,
				94A0ACAF28CED061003F0F95 /* Frameworks */,
				94A0ACB028CED061003F0F95 /* Resources */,
				BAD86D066D49531E5F057744 /* [CP] Copy Pods Resources */,
			);
			buildRules = (
			);
			dependencies = (
				94A0ACB428CED061003F0F95 /* PBXTargetDependency */,
			);
			name = tsuketeUITests;
			productName = tsuketeUITests;
			productReference = 94A0ACB228CED061003F0F95 /* tsuketeUITests.xctest */;
			productType = "com.apple.product-type.bundle.ui-testing";
		};
/* End PBXNativeTarget section */

/* Begin PBXProject section */
		94A0AC8728CED05E003F0F95 /* Project object */ = {
			isa = PBXProject;
			attributes = {
				BuildIndependentTargetsInParallel = 1;
				LastSwiftUpdateCheck = 1340;
				LastUpgradeCheck = 1340;
				TargetAttributes = {
					94A0AC8E28CED05E003F0F95 = {
						CreatedOnToolsVersion = 13.4.1;
					};
					94A0ACA728CED061003F0F95 = {
						CreatedOnToolsVersion = 13.4.1;
						TestTargetID = 94A0AC8E28CED05E003F0F95;
					};
					94A0ACB128CED061003F0F95 = {
						CreatedOnToolsVersion = 13.4.1;
						TestTargetID = 94A0AC8E28CED05E003F0F95;
					};
				};
			};
			buildConfigurationList = 94A0AC8A28CED05E003F0F95 /* Build configuration list for PBXProject "tsukete" */;
			compatibilityVersion = "Xcode 13.0";
			developmentRegion = en;
			hasScannedForEncodings = 0;
			knownRegions = (
				en,
				Base,
			);
			mainGroup = 94A0AC8628CED05E003F0F95;
			productRefGroup = 94A0AC9028CED05E003F0F95 /* Products */;
			projectDirPath = "";
			projectRoot = "";
			targets = (
				94A0AC8E28CED05E003F0F95 /* tsukete */,
				94A0ACA728CED061003F0F95 /* tsuketeTests */,
				94A0ACB128CED061003F0F95 /* tsuketeUITests */,
			);
		};
/* End PBXProject section */

/* Begin PBXResourcesBuildPhase section */
		94A0AC8D28CED05E003F0F95 /* Resources */ = {
			isa = PBXResourcesBuildPhase;
			buildActionMask = 2147483647;
			files = (
				94D18EC828D0E3CA00D5650E /* testCustomView.xib in Resources */,
				945731C628D1D0450037C0B3 /* table.png in Resources */,
				94644DF528D061A6002E3C2C /* ProfileViewController.xib in Resources */,
				9437613628D1CE750061A1AF /* explain4.png in Resources */,
				94D715CD28D3363C003332D9 /* noTabaco.png in Resources */,
				945731C428D1D03F0037C0B3 /* chair.png in Resources */,
				9437613028D1CE630061A1AF /* explain2.png in Resources */,
				9437613228D1CE680061A1AF /* explain3.png in Resources */,
				94A0ACCA28CED3C8003F0F95 /* tsuketeLogo.png in Resources */,
				94A0ACA228CED061003F0F95 /* LaunchScreen.storyboard in Resources */,
				94A0AC9F28CED061003F0F95 /* Assets.xcassets in Resources */,
				94D715CB28D33636003332D9 /* concent.png in Resources */,
				9453D13728D3866A0098FC66 /* newExplain1.png in Resources */,
				94B9A37E28D1E5CF00654450 /* seatsExample.png in Resources */,
				947A1CFA28D072F00080ADCF /* RestaurantSmallView.xib in Resources */,
				94A0ACD928CEF31C003F0F95 /* OnboardingItemVC.xib in Resources */,
				9437613428D1CE6F0061A1AF /* explainBackground.png in Resources */,
				9437612E28D1CDA60061A1AF /* SeatTableViewCell.xib in Resources */,
				9416638628D2D86400E614C8 /* DetailCardVC.storyboard in Resources */,
				9416638428D2D7F400E614C8 /* DetailListSeatsVC.storyboard in Resources */,
				94A0AC9A28CED05E003F0F95 /* Main.storyboard in Resources */,
				94B9A37C28D1E3DC00654450 /* LiveSeatsView.xib in Resources */,
			);
			runOnlyForDeploymentPostprocessing = 0;
		};
		94A0ACA628CED061003F0F95 /* Resources */ = {
			isa = PBXResourcesBuildPhase;
			buildActionMask = 2147483647;
			files = (
			);
			runOnlyForDeploymentPostprocessing = 0;
		};
		94A0ACB028CED061003F0F95 /* Resources */ = {
			isa = PBXResourcesBuildPhase;
			buildActionMask = 2147483647;
			files = (
			);
			runOnlyForDeploymentPostprocessing = 0;
		};
/* End PBXResourcesBuildPhase section */

/* Begin PBXShellScriptBuildPhase section */
		84422565A94CB11F735719FD /* [CP] Check Pods Manifest.lock */ = {
			isa = PBXShellScriptBuildPhase;
			buildActionMask = 2147483647;
			files = (
			);
			inputFileListPaths = (
			);
			inputPaths = (
				"${PODS_PODFILE_DIR_PATH}/Podfile.lock",
				"${PODS_ROOT}/Manifest.lock",
			);
			name = "[CP] Check Pods Manifest.lock";
			outputFileListPaths = (
			);
			outputPaths = (
				"$(DERIVED_FILE_DIR)/Pods-tsukete-tsuketeUITests-checkManifestLockResult.txt",
			);
			runOnlyForDeploymentPostprocessing = 0;
			shellPath = /bin/sh;
			shellScript = "diff \"${PODS_PODFILE_DIR_PATH}/Podfile.lock\" \"${PODS_ROOT}/Manifest.lock\" > /dev/null\nif [ $? != 0 ] ; then\n    # print error to STDERR\n    echo \"error: The sandbox is not in sync with the Podfile.lock. Run 'pod install' or update your CocoaPods installation.\" >&2\n    exit 1\nfi\n# This output is used by Xcode 'outputs' to avoid re-running this script phase.\necho \"SUCCESS\" > \"${SCRIPT_OUTPUT_FILE_0}\"\n";
			showEnvVarsInLog = 0;
		};
		88F147518A0087C74F61F960 /* [CP] Copy Pods Resources */ = {
			isa = PBXShellScriptBuildPhase;
			buildActionMask = 2147483647;
			files = (
			);
			inputFileListPaths = (
				"${PODS_ROOT}/Target Support Files/Pods-tsukete/Pods-tsukete-resources-${CONFIGURATION}-input-files.xcfilelist",
			);
			name = "[CP] Copy Pods Resources";
			outputFileListPaths = (
				"${PODS_ROOT}/Target Support Files/Pods-tsukete/Pods-tsukete-resources-${CONFIGURATION}-output-files.xcfilelist",
			);
			runOnlyForDeploymentPostprocessing = 0;
			shellPath = /bin/sh;
			shellScript = "\"${PODS_ROOT}/Target Support Files/Pods-tsukete/Pods-tsukete-resources.sh\"\n";
			showEnvVarsInLog = 0;
		};
		996E6DB1C9F7072899D8FDE0 /* [CP] Check Pods Manifest.lock */ = {
			isa = PBXShellScriptBuildPhase;
			buildActionMask = 2147483647;
			files = (
			);
			inputFileListPaths = (
			);
			inputPaths = (
				"${PODS_PODFILE_DIR_PATH}/Podfile.lock",
				"${PODS_ROOT}/Manifest.lock",
			);
			name = "[CP] Check Pods Manifest.lock";
			outputFileListPaths = (
			);
			outputPaths = (
				"$(DERIVED_FILE_DIR)/Pods-tsukete-checkManifestLockResult.txt",
			);
			runOnlyForDeploymentPostprocessing = 0;
			shellPath = /bin/sh;
			shellScript = "diff \"${PODS_PODFILE_DIR_PATH}/Podfile.lock\" \"${PODS_ROOT}/Manifest.lock\" > /dev/null\nif [ $? != 0 ] ; then\n    # print error to STDERR\n    echo \"error: The sandbox is not in sync with the Podfile.lock. Run 'pod install' or update your CocoaPods installation.\" >&2\n    exit 1\nfi\n# This output is used by Xcode 'outputs' to avoid re-running this script phase.\necho \"SUCCESS\" > \"${SCRIPT_OUTPUT_FILE_0}\"\n";
			showEnvVarsInLog = 0;
		};
		A2ABEBA2381B41414E305E0D /* [CP] Check Pods Manifest.lock */ = {
			isa = PBXShellScriptBuildPhase;
			buildActionMask = 2147483647;
			files = (
			);
			inputFileListPaths = (
			);
			inputPaths = (
				"${PODS_PODFILE_DIR_PATH}/Podfile.lock",
				"${PODS_ROOT}/Manifest.lock",
			);
			name = "[CP] Check Pods Manifest.lock";
			outputFileListPaths = (
			);
			outputPaths = (
				"$(DERIVED_FILE_DIR)/Pods-tsuketeTests-checkManifestLockResult.txt",
			);
			runOnlyForDeploymentPostprocessing = 0;
			shellPath = /bin/sh;
			shellScript = "diff \"${PODS_PODFILE_DIR_PATH}/Podfile.lock\" \"${PODS_ROOT}/Manifest.lock\" > /dev/null\nif [ $? != 0 ] ; then\n    # print error to STDERR\n    echo \"error: The sandbox is not in sync with the Podfile.lock. Run 'pod install' or update your CocoaPods installation.\" >&2\n    exit 1\nfi\n# This output is used by Xcode 'outputs' to avoid re-running this script phase.\necho \"SUCCESS\" > \"${SCRIPT_OUTPUT_FILE_0}\"\n";
			showEnvVarsInLog = 0;
		};
		BAD86D066D49531E5F057744 /* [CP] Copy Pods Resources */ = {
			isa = PBXShellScriptBuildPhase;
			buildActionMask = 2147483647;
			files = (
			);
			inputFileListPaths = (
				"${PODS_ROOT}/Target Support Files/Pods-tsukete-tsuketeUITests/Pods-tsukete-tsuketeUITests-resources-${CONFIGURATION}-input-files.xcfilelist",
			);
			name = "[CP] Copy Pods Resources";
			outputFileListPaths = (
				"${PODS_ROOT}/Target Support Files/Pods-tsukete-tsuketeUITests/Pods-tsukete-tsuketeUITests-resources-${CONFIGURATION}-output-files.xcfilelist",
			);
			runOnlyForDeploymentPostprocessing = 0;
			shellPath = /bin/sh;
			shellScript = "\"${PODS_ROOT}/Target Support Files/Pods-tsukete-tsuketeUITests/Pods-tsukete-tsuketeUITests-resources.sh\"\n";
			showEnvVarsInLog = 0;
		};
/* End PBXShellScriptBuildPhase section */

/* Begin PBXSourcesBuildPhase section */
		94A0AC8B28CED05E003F0F95 /* Sources */ = {
			isa = PBXSourcesBuildPhase;
			buildActionMask = 2147483647;
			files = (
				94E88AD228D2FAB20016A6A6 /* NetworkLayer.swift in Sources */,
				94B9A38328D1EEAB00654450 /* DetailListSeatsVC.swift in Sources */,
				94A0AC9728CED05E003F0F95 /* ViewController.swift in Sources */,
				94A0AC9D28CED05E003F0F95 /* tsukete.xcdatamodeld in Sources */,
				944CBF1528D174EF008EB159 /* FontModel.swift in Sources */,
				94A0AC9328CED05E003F0F95 /* AppDelegate.swift in Sources */,
				9437612D28D1CDA60061A1AF /* SeatTableViewCell.swift in Sources */,
				9475E29928CF5E8E0046292A /* POIItem.swift in Sources */,
				9437612828D1A25F0061A1AF /* DetailCardVC.swift in Sources */,
				94A0ACD428CED98D003F0F95 /* OnboardingPageVC.swift in Sources */,
				944CBF1928D176EB008EB159 /* serverPlaceModel.swift in Sources */,
				94B9A38028D1ECAD00654450 /* serverSeatsModel.swift in Sources */,
				94A0ACD828CEF31C003F0F95 /* OnboardingItemVC.swift in Sources */,
				94B9A37A28D1E3D000654450 /* LiveSeatsView.swift in Sources */,
				94644DF428D061A6002E3C2C /* ProfileViewController.swift in Sources */,
				94A0AC9528CED05E003F0F95 /* SceneDelegate.swift in Sources */,
				947A1CF428D072510080ADCF /* RestaurantSmallView.swift in Sources */,
				9430733028D0C79C008C183C /* testCustomView.swift in Sources */,
			);
			runOnlyForDeploymentPostprocessing = 0;
		};
		94A0ACA428CED061003F0F95 /* Sources */ = {
			isa = PBXSourcesBuildPhase;
			buildActionMask = 2147483647;
			files = (
				94A0ACAD28CED061003F0F95 /* tsuketeTests.swift in Sources */,
			);
			runOnlyForDeploymentPostprocessing = 0;
		};
		94A0ACAE28CED061003F0F95 /* Sources */ = {
			isa = PBXSourcesBuildPhase;
			buildActionMask = 2147483647;
			files = (
				94A0ACB928CED061003F0F95 /* tsuketeUITestsLaunchTests.swift in Sources */,
				94A0ACB728CED061003F0F95 /* tsuketeUITests.swift in Sources */,
			);
			runOnlyForDeploymentPostprocessing = 0;
		};
/* End PBXSourcesBuildPhase section */

/* Begin PBXTargetDependency section */
		94A0ACAA28CED061003F0F95 /* PBXTargetDependency */ = {
			isa = PBXTargetDependency;
			target = 94A0AC8E28CED05E003F0F95 /* tsukete */;
			targetProxy = 94A0ACA928CED061003F0F95 /* PBXContainerItemProxy */;
		};
		94A0ACB428CED061003F0F95 /* PBXTargetDependency */ = {
			isa = PBXTargetDependency;
			target = 94A0AC8E28CED05E003F0F95 /* tsukete */;
			targetProxy = 94A0ACB328CED061003F0F95 /* PBXContainerItemProxy */;
		};
/* End PBXTargetDependency section */

/* Begin PBXVariantGroup section */
		94A0AC9828CED05E003F0F95 /* Main.storyboard */ = {
			isa = PBXVariantGroup;
			children = (
				94A0AC9928CED05E003F0F95 /* Base */,
			);
			name = Main.storyboard;
			sourceTree = "<group>";
		};
		94A0ACA028CED061003F0F95 /* LaunchScreen.storyboard */ = {
			isa = PBXVariantGroup;
			children = (
				94A0ACA128CED061003F0F95 /* Base */,
			);
			name = LaunchScreen.storyboard;
			sourceTree = "<group>";
		};
/* End PBXVariantGroup section */

/* Begin XCBuildConfiguration section */
		94A0ACBA28CED061003F0F95 /* Debug */ = {
			isa = XCBuildConfiguration;
			buildSettings = {
				ALWAYS_SEARCH_USER_PATHS = NO;
				CLANG_ANALYZER_NONNULL = YES;
				CLANG_ANALYZER_NUMBER_OBJECT_CONVERSION = YES_AGGRESSIVE;
				CLANG_CXX_LANGUAGE_STANDARD = "gnu++17";
				CLANG_ENABLE_MODULES = YES;
				CLANG_ENABLE_OBJC_ARC = YES;
				CLANG_ENABLE_OBJC_WEAK = YES;
				CLANG_WARN_BLOCK_CAPTURE_AUTORELEASING = YES;
				CLANG_WARN_BOOL_CONVERSION = YES;
				CLANG_WARN_COMMA = YES;
				CLANG_WARN_CONSTANT_CONVERSION = YES;
				CLANG_WARN_DEPRECATED_OBJC_IMPLEMENTATIONS = YES;
				CLANG_WARN_DIRECT_OBJC_ISA_USAGE = YES_ERROR;
				CLANG_WARN_DOCUMENTATION_COMMENTS = YES;
				CLANG_WARN_EMPTY_BODY = YES;
				CLANG_WARN_ENUM_CONVERSION = YES;
				CLANG_WARN_INFINITE_RECURSION = YES;
				CLANG_WARN_INT_CONVERSION = YES;
				CLANG_WARN_NON_LITERAL_NULL_CONVERSION = YES;
				CLANG_WARN_OBJC_IMPLICIT_RETAIN_SELF = YES;
				CLANG_WARN_OBJC_LITERAL_CONVERSION = YES;
				CLANG_WARN_OBJC_ROOT_CLASS = YES_ERROR;
				CLANG_WARN_QUOTED_INCLUDE_IN_FRAMEWORK_HEADER = YES;
				CLANG_WARN_RANGE_LOOP_ANALYSIS = YES;
				CLANG_WARN_STRICT_PROTOTYPES = YES;
				CLANG_WARN_SUSPICIOUS_MOVE = YES;
				CLANG_WARN_UNGUARDED_AVAILABILITY = YES_AGGRESSIVE;
				CLANG_WARN_UNREACHABLE_CODE = YES;
				CLANG_WARN__DUPLICATE_METHOD_MATCH = YES;
				COPY_PHASE_STRIP = NO;
				DEBUG_INFORMATION_FORMAT = dwarf;
				ENABLE_STRICT_OBJC_MSGSEND = YES;
				ENABLE_TESTABILITY = YES;
				"EXCLUDED_ARCHS[sdk=*]" = arm64;
				GCC_C_LANGUAGE_STANDARD = gnu11;
				GCC_DYNAMIC_NO_PIC = NO;
				GCC_NO_COMMON_BLOCKS = YES;
				GCC_OPTIMIZATION_LEVEL = 0;
				GCC_PREPROCESSOR_DEFINITIONS = (
					"DEBUG=1",
					"$(inherited)",
				);
				GCC_WARN_64_TO_32_BIT_CONVERSION = YES;
				GCC_WARN_ABOUT_RETURN_TYPE = YES_ERROR;
				GCC_WARN_UNDECLARED_SELECTOR = YES;
				GCC_WARN_UNINITIALIZED_AUTOS = YES_AGGRESSIVE;
				GCC_WARN_UNUSED_FUNCTION = YES;
				GCC_WARN_UNUSED_VARIABLE = YES;
				IPHONEOS_DEPLOYMENT_TARGET = 13.0;
				MTL_ENABLE_DEBUG_INFO = INCLUDE_SOURCE;
				MTL_FAST_MATH = YES;
				ONLY_ACTIVE_ARCH = YES;
				SDKROOT = iphoneos;
				SWIFT_ACTIVE_COMPILATION_CONDITIONS = DEBUG;
				SWIFT_OPTIMIZATION_LEVEL = "-Onone";
			};
			name = Debug;
		};
		94A0ACBB28CED061003F0F95 /* Release */ = {
			isa = XCBuildConfiguration;
			buildSettings = {
				ALWAYS_SEARCH_USER_PATHS = NO;
				CLANG_ANALYZER_NONNULL = YES;
				CLANG_ANALYZER_NUMBER_OBJECT_CONVERSION = YES_AGGRESSIVE;
				CLANG_CXX_LANGUAGE_STANDARD = "gnu++17";
				CLANG_ENABLE_MODULES = YES;
				CLANG_ENABLE_OBJC_ARC = YES;
				CLANG_ENABLE_OBJC_WEAK = YES;
				CLANG_WARN_BLOCK_CAPTURE_AUTORELEASING = YES;
				CLANG_WARN_BOOL_CONVERSION = YES;
				CLANG_WARN_COMMA = YES;
				CLANG_WARN_CONSTANT_CONVERSION = YES;
				CLANG_WARN_DEPRECATED_OBJC_IMPLEMENTATIONS = YES;
				CLANG_WARN_DIRECT_OBJC_ISA_USAGE = YES_ERROR;
				CLANG_WARN_DOCUMENTATION_COMMENTS = YES;
				CLANG_WARN_EMPTY_BODY = YES;
				CLANG_WARN_ENUM_CONVERSION = YES;
				CLANG_WARN_INFINITE_RECURSION = YES;
				CLANG_WARN_INT_CONVERSION = YES;
				CLANG_WARN_NON_LITERAL_NULL_CONVERSION = YES;
				CLANG_WARN_OBJC_IMPLICIT_RETAIN_SELF = YES;
				CLANG_WARN_OBJC_LITERAL_CONVERSION = YES;
				CLANG_WARN_OBJC_ROOT_CLASS = YES_ERROR;
				CLANG_WARN_QUOTED_INCLUDE_IN_FRAMEWORK_HEADER = YES;
				CLANG_WARN_RANGE_LOOP_ANALYSIS = YES;
				CLANG_WARN_STRICT_PROTOTYPES = YES;
				CLANG_WARN_SUSPICIOUS_MOVE = YES;
				CLANG_WARN_UNGUARDED_AVAILABILITY = YES_AGGRESSIVE;
				CLANG_WARN_UNREACHABLE_CODE = YES;
				CLANG_WARN__DUPLICATE_METHOD_MATCH = YES;
				COPY_PHASE_STRIP = NO;
				DEBUG_INFORMATION_FORMAT = "dwarf-with-dsym";
				ENABLE_NS_ASSERTIONS = NO;
				ENABLE_STRICT_OBJC_MSGSEND = YES;
				"EXCLUDED_ARCHS[sdk=*]" = arm64;
				GCC_C_LANGUAGE_STANDARD = gnu11;
				GCC_NO_COMMON_BLOCKS = YES;
				GCC_WARN_64_TO_32_BIT_CONVERSION = YES;
				GCC_WARN_ABOUT_RETURN_TYPE = YES_ERROR;
				GCC_WARN_UNDECLARED_SELECTOR = YES;
				GCC_WARN_UNINITIALIZED_AUTOS = YES_AGGRESSIVE;
				GCC_WARN_UNUSED_FUNCTION = YES;
				GCC_WARN_UNUSED_VARIABLE = YES;
				IPHONEOS_DEPLOYMENT_TARGET = 13.0;
				MTL_ENABLE_DEBUG_INFO = NO;
				MTL_FAST_MATH = YES;
				ONLY_ACTIVE_ARCH = YES;
				SDKROOT = iphoneos;
				SWIFT_COMPILATION_MODE = wholemodule;
				SWIFT_OPTIMIZATION_LEVEL = "-O";
				VALIDATE_PRODUCT = YES;
			};
			name = Release;
		};
		94A0ACBD28CED061003F0F95 /* Debug */ = {
			isa = XCBuildConfiguration;
			baseConfigurationReference = 5264F859F1A2C81D90C2C7F6 /* Pods-tsukete.debug.xcconfig */;
			buildSettings = {
				ASSETCATALOG_COMPILER_APPICON_NAME = AppIcon;
				ASSETCATALOG_COMPILER_GLOBAL_ACCENT_COLOR_NAME = AccentColor;
				CODE_SIGN_STYLE = Automatic;
				CURRENT_PROJECT_VERSION = 1;
				DEVELOPMENT_TEAM = UNTPRP3C66;
				GENERATE_INFOPLIST_FILE = YES;
				INFOPLIST_FILE = tsukete/Info.plist;
				INFOPLIST_KEY_UIApplicationSupportsIndirectInputEvents = YES;
				INFOPLIST_KEY_UILaunchStoryboardName = LaunchScreen;
				INFOPLIST_KEY_UIMainStoryboardFile = Main;
				INFOPLIST_KEY_UISupportedInterfaceOrientations_iPad = "UIInterfaceOrientationPortrait UIInterfaceOrientationPortraitUpsideDown UIInterfaceOrientationLandscapeLeft UIInterfaceOrientationLandscapeRight";
				INFOPLIST_KEY_UISupportedInterfaceOrientations_iPhone = "UIInterfaceOrientationPortrait UIInterfaceOrientationLandscapeLeft UIInterfaceOrientationLandscapeRight";
				IPHONEOS_DEPLOYMENT_TARGET = 13.0;
				LD_RUNPATH_SEARCH_PATHS = (
					"$(inherited)",
					"@executable_path/Frameworks",
				);
				MARKETING_VERSION = 1.0;
				PRODUCT_BUNDLE_IDENTIFIER = yonyon2022.trigger.intern.tsukete;
				PRODUCT_NAME = "$(TARGET_NAME)";
				SWIFT_EMIT_LOC_STRINGS = YES;
				SWIFT_VERSION = 5.0;
				TARGETED_DEVICE_FAMILY = "1,2";
			};
			name = Debug;
		};
		94A0ACBE28CED061003F0F95 /* Release */ = {
			isa = XCBuildConfiguration;
			baseConfigurationReference = EEB8A502276E7E8A74897EA6 /* Pods-tsukete.release.xcconfig */;
			buildSettings = {
				ASSETCATALOG_COMPILER_APPICON_NAME = AppIcon;
				ASSETCATALOG_COMPILER_GLOBAL_ACCENT_COLOR_NAME = AccentColor;
				CODE_SIGN_STYLE = Automatic;
				CURRENT_PROJECT_VERSION = 1;
				DEVELOPMENT_TEAM = UNTPRP3C66;
				GENERATE_INFOPLIST_FILE = YES;
				INFOPLIST_FILE = tsukete/Info.plist;
				INFOPLIST_KEY_UIApplicationSupportsIndirectInputEvents = YES;
				INFOPLIST_KEY_UILaunchStoryboardName = LaunchScreen;
				INFOPLIST_KEY_UIMainStoryboardFile = Main;
				INFOPLIST_KEY_UISupportedInterfaceOrientations_iPad = "UIInterfaceOrientationPortrait UIInterfaceOrientationPortraitUpsideDown UIInterfaceOrientationLandscapeLeft UIInterfaceOrientationLandscapeRight";
				INFOPLIST_KEY_UISupportedInterfaceOrientations_iPhone = "UIInterfaceOrientationPortrait UIInterfaceOrientationLandscapeLeft UIInterfaceOrientationLandscapeRight";
				IPHONEOS_DEPLOYMENT_TARGET = 13.0;
				LD_RUNPATH_SEARCH_PATHS = (
					"$(inherited)",
					"@executable_path/Frameworks",
				);
				MARKETING_VERSION = 1.0;
				PRODUCT_BUNDLE_IDENTIFIER = yonyon2022.trigger.intern.tsukete;
				PRODUCT_NAME = "$(TARGET_NAME)";
				SWIFT_EMIT_LOC_STRINGS = YES;
				SWIFT_VERSION = 5.0;
				TARGETED_DEVICE_FAMILY = "1,2";
			};
			name = Release;
		};
		94A0ACC028CED061003F0F95 /* Debug */ = {
			isa = XCBuildConfiguration;
			baseConfigurationReference = FFE02689D00FB57ABC761D56 /* Pods-tsuketeTests.debug.xcconfig */;
			buildSettings = {
				ALWAYS_EMBED_SWIFT_STANDARD_LIBRARIES = "$(inherited)";
				BUNDLE_LOADER = "$(TEST_HOST)";
				CODE_SIGN_STYLE = Automatic;
				CURRENT_PROJECT_VERSION = 1;
				DEVELOPMENT_TEAM = UNTPRP3C66;
				GENERATE_INFOPLIST_FILE = YES;
				IPHONEOS_DEPLOYMENT_TARGET = 15.5;
				MARKETING_VERSION = 1.0;
				PRODUCT_BUNDLE_IDENTIFIER = yonyon2022.trigger.intern.tsuketeTests;
				PRODUCT_NAME = "$(TARGET_NAME)";
				SWIFT_EMIT_LOC_STRINGS = NO;
				SWIFT_VERSION = 5.0;
				TARGETED_DEVICE_FAMILY = "1,2";
				TEST_HOST = "$(BUILT_PRODUCTS_DIR)/tsukete.app/tsukete";
			};
			name = Debug;
		};
		94A0ACC128CED061003F0F95 /* Release */ = {
			isa = XCBuildConfiguration;
			baseConfigurationReference = 32F31AA9E8200D68F4A536B4 /* Pods-tsuketeTests.release.xcconfig */;
			buildSettings = {
				ALWAYS_EMBED_SWIFT_STANDARD_LIBRARIES = "$(inherited)";
				BUNDLE_LOADER = "$(TEST_HOST)";
				CODE_SIGN_STYLE = Automatic;
				CURRENT_PROJECT_VERSION = 1;
				DEVELOPMENT_TEAM = UNTPRP3C66;
				GENERATE_INFOPLIST_FILE = YES;
				IPHONEOS_DEPLOYMENT_TARGET = 15.5;
				MARKETING_VERSION = 1.0;
				PRODUCT_BUNDLE_IDENTIFIER = yonyon2022.trigger.intern.tsuketeTests;
				PRODUCT_NAME = "$(TARGET_NAME)";
				SWIFT_EMIT_LOC_STRINGS = NO;
				SWIFT_VERSION = 5.0;
				TARGETED_DEVICE_FAMILY = "1,2";
				TEST_HOST = "$(BUILT_PRODUCTS_DIR)/tsukete.app/tsukete";
			};
			name = Release;
		};
		94A0ACC328CED061003F0F95 /* Debug */ = {
			isa = XCBuildConfiguration;
			baseConfigurationReference = 79D30214373D5BF68D8DC036 /* Pods-tsukete-tsuketeUITests.debug.xcconfig */;
			buildSettings = {
				ALWAYS_EMBED_SWIFT_STANDARD_LIBRARIES = "$(inherited)";
				CODE_SIGN_STYLE = Automatic;
				CURRENT_PROJECT_VERSION = 1;
				DEVELOPMENT_TEAM = UNTPRP3C66;
				GENERATE_INFOPLIST_FILE = YES;
				MARKETING_VERSION = 1.0;
				PRODUCT_BUNDLE_IDENTIFIER = yonyon2022.trigger.intern.tsuketeUITests;
				PRODUCT_NAME = "$(TARGET_NAME)";
				SWIFT_EMIT_LOC_STRINGS = NO;
				SWIFT_VERSION = 5.0;
				TARGETED_DEVICE_FAMILY = "1,2";
				TEST_TARGET_NAME = tsukete;
			};
			name = Debug;
		};
		94A0ACC428CED061003F0F95 /* Release */ = {
			isa = XCBuildConfiguration;
			baseConfigurationReference = 9ACAFC9115E9FCA9D79F2977 /* Pods-tsukete-tsuketeUITests.release.xcconfig */;
			buildSettings = {
				ALWAYS_EMBED_SWIFT_STANDARD_LIBRARIES = "$(inherited)";
				CODE_SIGN_STYLE = Automatic;
				CURRENT_PROJECT_VERSION = 1;
				DEVELOPMENT_TEAM = UNTPRP3C66;
				GENERATE_INFOPLIST_FILE = YES;
				MARKETING_VERSION = 1.0;
				PRODUCT_BUNDLE_IDENTIFIER = yonyon2022.trigger.intern.tsuketeUITests;
				PRODUCT_NAME = "$(TARGET_NAME)";
				SWIFT_EMIT_LOC_STRINGS = NO;
				SWIFT_VERSION = 5.0;
				TARGETED_DEVICE_FAMILY = "1,2";
				TEST_TARGET_NAME = tsukete;
			};
			name = Release;
		};
/* End XCBuildConfiguration section */

/* Begin XCConfigurationList section */
		94A0AC8A28CED05E003F0F95 /* Build configuration list for PBXProject "tsukete" */ = {
			isa = XCConfigurationList;
			buildConfigurations = (
				94A0ACBA28CED061003F0F95 /* Debug */,
				94A0ACBB28CED061003F0F95 /* Release */,
			);
			defaultConfigurationIsVisible = 0;
			defaultConfigurationName = Release;
		};
		94A0ACBC28CED061003F0F95 /* Build configuration list for PBXNativeTarget "tsukete" */ = {
			isa = XCConfigurationList;
			buildConfigurations = (
				94A0ACBD28CED061003F0F95 /* Debug */,
				94A0ACBE28CED061003F0F95 /* Release */,
			);
			defaultConfigurationIsVisible = 0;
			defaultConfigurationName = Release;
		};
		94A0ACBF28CED061003F0F95 /* Build configuration list for PBXNativeTarget "tsuketeTests" */ = {
			isa = XCConfigurationList;
			buildConfigurations = (
				94A0ACC028CED061003F0F95 /* Debug */,
				94A0ACC128CED061003F0F95 /* Release */,
			);
			defaultConfigurationIsVisible = 0;
			defaultConfigurationName = Release;
		};
		94A0ACC228CED061003F0F95 /* Build configuration list for PBXNativeTarget "tsuketeUITests" */ = {
			isa = XCConfigurationList;
			buildConfigurations = (
				94A0ACC328CED061003F0F95 /* Debug */,
				94A0ACC428CED061003F0F95 /* Release */,
			);
			defaultConfigurationIsVisible = 0;
			defaultConfigurationName = Release;
		};
/* End XCConfigurationList section */

/* Begin XCVersionGroup section */
		94A0AC9B28CED05E003F0F95 /* tsukete.xcdatamodeld */ = {
			isa = XCVersionGroup;
			children = (
				94A0AC9C28CED05E003F0F95 /* tsukete.xcdatamodel */,
			);
			currentVersion = 94A0AC9C28CED05E003F0F95 /* tsukete.xcdatamodel */;
			path = tsukete.xcdatamodeld;
			sourceTree = "<group>";
			versionGroupType = wrapper.xcdatamodel;
		};
/* End XCVersionGroup section */
	};
	rootObject = 94A0AC8728CED05E003F0F95 /* Project object */;
}
